// !$*UTF8*$!
{
	archiveVersion = 1;
	classes = {
	};
	objectVersion = 50;
	objects = {

/* Begin PBXBuildFile section */
		430492AA2094724F00A4F1F1 /* ComputedCollection.swift in Sources */ = {isa = PBXBuildFile; fileRef = 430492A92094724F00A4F1F1 /* ComputedCollection.swift */; };
		430492AB209472D800A4F1F1 /* ComputedCollection.swift in Sources */ = {isa = PBXBuildFile; fileRef = 430492A92094724F00A4F1F1 /* ComputedCollection.swift */; };
		430492AD2094B54000A4F1F1 /* RangeExpressionInitialization.swift in Sources */ = {isa = PBXBuildFile; fileRef = 430492AC2094B54000A4F1F1 /* RangeExpressionInitialization.swift */; };
		430492AE2094B61000A4F1F1 /* RangeExpressionInitialization.swift in Sources */ = {isa = PBXBuildFile; fileRef = 430492AC2094B54000A4F1F1 /* RangeExpressionInitialization.swift */; };
		43101B93209CDFBD00904529 /* GridIndices.swift in Sources */ = {isa = PBXBuildFile; fileRef = 43101B92209CDFBD00904529 /* GridIndices.swift */; };
		43101B95209CFBB400904529 /* CPCMonthView_GridLayoutInfo.swift in Sources */ = {isa = PBXBuildFile; fileRef = 43101B94209CFBB400904529 /* CPCMonthView_GridLayoutInfo.swift */; };
		43101B97209CFBC100904529 /* CPCMonthView_RedrawContext.swift in Sources */ = {isa = PBXBuildFile; fileRef = 43101B96209CFBC100904529 /* CPCMonthView_RedrawContext.swift */; };
		43101B98209CFC2000904529 /* CPCMonthView_GridLayoutInfo.swift in Sources */ = {isa = PBXBuildFile; fileRef = 43101B94209CFBB400904529 /* CPCMonthView_GridLayoutInfo.swift */; };
		43101B99209CFC2000904529 /* CPCMonthView_RedrawContext.swift in Sources */ = {isa = PBXBuildFile; fileRef = 43101B96209CFBC100904529 /* CPCMonthView_RedrawContext.swift */; };
		43101B9A209CFC2000904529 /* CPCCalendarView.swift in Sources */ = {isa = PBXBuildFile; fileRef = 43689DBE20936F2500052C7A /* CPCCalendarView.swift */; };
		43101B9C209D037500904529 /* hash.swift in Sources */ = {isa = PBXBuildFile; fileRef = 43101B9B209D037500904529 /* hash.swift */; };
		43101B9D209D037A00904529 /* hash.swift in Sources */ = {isa = PBXBuildFile; fileRef = 43101B9B209D037500904529 /* hash.swift */; };
		43101B9F209D0C6E00904529 /* CPCMonthView_ObjC.swift in Sources */ = {isa = PBXBuildFile; fileRef = 43101B9E209D0C6E00904529 /* CPCMonthView_ObjC.swift */; };
		43101BA0209D0C8700904529 /* CPCMonthView_ObjC.swift in Sources */ = {isa = PBXBuildFile; fileRef = 43101B9E209D0C6E00904529 /* CPCMonthView_ObjC.swift */; };
		43101BA2209D0D0600904529 /* CPCMonthView_BuiltinSelectionHandlers.swift in Sources */ = {isa = PBXBuildFile; fileRef = 43101BA1209D0D0600904529 /* CPCMonthView_BuiltinSelectionHandlers.swift */; };
		43101BA3209D0D0D00904529 /* CPCMonthView_BuiltinSelectionHandlers.swift in Sources */ = {isa = PBXBuildFile; fileRef = 43101BA1209D0D0600904529 /* CPCMonthView_BuiltinSelectionHandlers.swift */; };
		43584B1120A4F18E00035A81 /* FloatingPointRounding.swift in Sources */ = {isa = PBXBuildFile; fileRef = 43584B1020A4F18D00035A81 /* FloatingPointRounding.swift */; };
		43584B1220A4F1A000035A81 /* FloatingPointRounding.swift in Sources */ = {isa = PBXBuildFile; fileRef = 43584B1020A4F18D00035A81 /* FloatingPointRounding.swift */; };
		43584B1320A4F1B500035A81 /* CPCDayCellState.swift in Sources */ = {isa = PBXBuildFile; fileRef = 436F53BE20A4DA1800ACE40A /* CPCDayCellState.swift */; };
		43584B1420A4F1B500035A81 /* CPCViewProtocol.swift in Sources */ = {isa = PBXBuildFile; fileRef = 436F53BA20A4C86B00ACE40A /* CPCViewProtocol.swift */; };
		43584B1520A4F1B500035A81 /* CPCMultiMonthsView.swift in Sources */ = {isa = PBXBuildFile; fileRef = 436F53BC20A4D8B900ACE40A /* CPCMultiMonthsView.swift */; };
		43689DAE2093507700052C7A /* CPCYear.swift in Sources */ = {isa = PBXBuildFile; fileRef = 43689DAD2093507700052C7A /* CPCYear.swift */; };
		43689DAF209352BC00052C7A /* CPCYear.swift in Sources */ = {isa = PBXBuildFile; fileRef = 43689DAD2093507700052C7A /* CPCYear.swift */; };
		43689DB5209364BF00052C7A /* CPCCalendarUnitBackingType.swift in Sources */ = {isa = PBXBuildFile; fileRef = 43689DB4209364BF00052C7A /* CPCCalendarUnitBackingType.swift */; };
		43689DB6209364C100052C7A /* CPCCalendarUnitBackingType.swift in Sources */ = {isa = PBXBuildFile; fileRef = 43689DB4209364BF00052C7A /* CPCCalendarUnitBackingType.swift */; };
		43689DB82093656000052C7A /* CPCCompoundCalendarUnit.swift in Sources */ = {isa = PBXBuildFile; fileRef = 43689DB72093656000052C7A /* CPCCompoundCalendarUnit.swift */; };
		43689DB92093667900052C7A /* CPCCompoundCalendarUnit.swift in Sources */ = {isa = PBXBuildFile; fileRef = 43689DB72093656000052C7A /* CPCCompoundCalendarUnit.swift */; };
		43689DBB2093681100052C7A /* CPCCalendarUnitSymbol.swift in Sources */ = {isa = PBXBuildFile; fileRef = 43689DBA2093681100052C7A /* CPCCalendarUnitSymbol.swift */; };
		43689DBC2093681100052C7A /* CPCCalendarUnitSymbol.swift in Sources */ = {isa = PBXBuildFile; fileRef = 43689DBA2093681100052C7A /* CPCCalendarUnitSymbol.swift */; };
		43689DBF20936F2600052C7A /* CPCMonthView.swift in Sources */ = {isa = PBXBuildFile; fileRef = 43689DBD20936F2500052C7A /* CPCMonthView.swift */; };
		43689DC020936F2600052C7A /* CPCCalendarView.swift in Sources */ = {isa = PBXBuildFile; fileRef = 43689DBE20936F2500052C7A /* CPCCalendarView.swift */; };
		43689DC8209379F100052C7A /* CPCMonthView.swift in Sources */ = {isa = PBXBuildFile; fileRef = 43689DBD20936F2500052C7A /* CPCMonthView.swift */; };
		43689DCA20937AF200052C7A /* CPCDayCellState.h in Headers */ = {isa = PBXBuildFile; fileRef = 43689DC920937AF200052C7A /* CPCDayCellState.h */; settings = {ATTRIBUTES = (Public, ); }; };
		43689DCC20937C9F00052C7A /* CPCalendar.h in Headers */ = {isa = PBXBuildFile; fileRef = 43689DCB20937BED00052C7A /* CPCalendar.h */; settings = {ATTRIBUTES = (Public, ); }; };
		436F53B820A4C14900ACE40A /* UnownedArray.swift in Sources */ = {isa = PBXBuildFile; fileRef = 436F53B720A4C14900ACE40A /* UnownedArray.swift */; };
		436F53B920A4C5E100ACE40A /* UnownedArray.swift in Sources */ = {isa = PBXBuildFile; fileRef = 436F53B720A4C14900ACE40A /* UnownedArray.swift */; };
		436F53BB20A4C86B00ACE40A /* CPCViewProtocol.swift in Sources */ = {isa = PBXBuildFile; fileRef = 436F53BA20A4C86B00ACE40A /* CPCViewProtocol.swift */; };
		436F53BD20A4D8B900ACE40A /* CPCMultiMonthsView.swift in Sources */ = {isa = PBXBuildFile; fileRef = 436F53BC20A4D8B900ACE40A /* CPCMultiMonthsView.swift */; };
		436F53BF20A4DA1800ACE40A /* CPCDayCellState.swift in Sources */ = {isa = PBXBuildFile; fileRef = 436F53BE20A4DA1800ACE40A /* CPCDayCellState.swift */; };
		43B6E71F20A02BB100A7403B /* GridIndices.swift in Sources */ = {isa = PBXBuildFile; fileRef = 43101B92209CDFBD00904529 /* GridIndices.swift */; };
		43B6E72120A0615400A7403B /* ThreadsafeStorage.swift in Sources */ = {isa = PBXBuildFile; fileRef = 43B6E72020A0615400A7403B /* ThreadsafeStorage.swift */; };
		43B6E72220A062CF00A7403B /* ThreadsafeStorage.swift in Sources */ = {isa = PBXBuildFile; fileRef = 43B6E72020A0615400A7403B /* ThreadsafeStorage.swift */; };
		43C07001209259B900202ED8 /* CPCDay.swift in Sources */ = {isa = PBXBuildFile; fileRef = 43C07000209259B900202ED8 /* CPCDay.swift */; };
		43C070022092D36400202ED8 /* CPCDay.swift in Sources */ = {isa = PBXBuildFile; fileRef = 43C07000209259B900202ED8 /* CPCDay.swift */; };
		43C070042092ED9C00202ED8 /* CPCMonth.swift in Sources */ = {isa = PBXBuildFile; fileRef = 43C070032092ED9C00202ED8 /* CPCMonth.swift */; };
		43C070062092EDC700202ED8 /* CPCDatesRange.swift in Sources */ = {isa = PBXBuildFile; fileRef = 43C070052092EDC700202ED8 /* CPCDatesRange.swift */; };
		43C070072092F10C00202ED8 /* CPCDatesRange.swift in Sources */ = {isa = PBXBuildFile; fileRef = 43C070052092EDC700202ED8 /* CPCDatesRange.swift */; };
		43C070082092F10C00202ED8 /* CPCMonth.swift in Sources */ = {isa = PBXBuildFile; fileRef = 43C070032092ED9C00202ED8 /* CPCMonth.swift */; };
		43C0700A2092F26500202ED8 /* CPCWeek.swift in Sources */ = {isa = PBXBuildFile; fileRef = 43C070092092F26500202ED8 /* CPCWeek.swift */; };
		43C0700C2092F49D00202ED8 /* CPCCalendarUnit.swift in Sources */ = {isa = PBXBuildFile; fileRef = 43C0700B2092F49D00202ED8 /* CPCCalendarUnit.swift */; };
		43C0700D2092F4F400202ED8 /* CPCCalendarUnit.swift in Sources */ = {isa = PBXBuildFile; fileRef = 43C0700B2092F49D00202ED8 /* CPCCalendarUnit.swift */; };
		43C0700E2092F4F400202ED8 /* CPCWeek.swift in Sources */ = {isa = PBXBuildFile; fileRef = 43C070092092F26500202ED8 /* CPCWeek.swift */; };
		43C070102092F85200202ED8 /* guarantee.swift in Sources */ = {isa = PBXBuildFile; fileRef = 43C0700F2092F85200202ED8 /* guarantee.swift */; };
		43C070112092F85700202ED8 /* guarantee.swift in Sources */ = {isa = PBXBuildFile; fileRef = 43C0700F2092F85200202ED8 /* guarantee.swift */; };
/* End PBXBuildFile section */

/* Begin PBXCopyFilesBuildPhase section */
		43C06FF220924EDE00202ED8 /* CopyFiles */ = {
			isa = PBXCopyFilesBuildPhase;
			buildActionMask = 2147483647;
			dstPath = "include/$(PRODUCT_NAME)";
			dstSubfolderSpec = 16;
			files = (
			);
			runOnlyForDeploymentPostprocessing = 0;
		};
/* End PBXCopyFilesBuildPhase section */

/* Begin PBXFileReference section */
		430492A92094724F00A4F1F1 /* ComputedCollection.swift */ = {isa = PBXFileReference; lastKnownFileType = sourcecode.swift; path = ComputedCollection.swift; sourceTree = "<group>"; };
		430492AC2094B54000A4F1F1 /* RangeExpressionInitialization.swift */ = {isa = PBXFileReference; lastKnownFileType = sourcecode.swift; path = RangeExpressionInitialization.swift; sourceTree = "<group>"; };
		43101B92209CDFBD00904529 /* GridIndices.swift */ = {isa = PBXFileReference; lastKnownFileType = sourcecode.swift; path = GridIndices.swift; sourceTree = "<group>"; };
		43101B94209CFBB400904529 /* CPCMonthView_GridLayoutInfo.swift */ = {isa = PBXFileReference; lastKnownFileType = sourcecode.swift; path = CPCMonthView_GridLayoutInfo.swift; sourceTree = "<group>"; };
		43101B96209CFBC100904529 /* CPCMonthView_RedrawContext.swift */ = {isa = PBXFileReference; lastKnownFileType = sourcecode.swift; path = CPCMonthView_RedrawContext.swift; sourceTree = "<group>"; };
		43101B9B209D037500904529 /* hash.swift */ = {isa = PBXFileReference; lastKnownFileType = sourcecode.swift; path = hash.swift; sourceTree = "<group>"; };
		43101B9E209D0C6E00904529 /* CPCMonthView_ObjC.swift */ = {isa = PBXFileReference; lastKnownFileType = sourcecode.swift; path = CPCMonthView_ObjC.swift; sourceTree = "<group>"; };
		43101BA1209D0D0600904529 /* CPCMonthView_BuiltinSelectionHandlers.swift */ = {isa = PBXFileReference; lastKnownFileType = sourcecode.swift; path = CPCMonthView_BuiltinSelectionHandlers.swift; sourceTree = "<group>"; };
		43584B1020A4F18D00035A81 /* FloatingPointRounding.swift */ = {isa = PBXFileReference; fileEncoding = 4; lastKnownFileType = sourcecode.swift; path = FloatingPointRounding.swift; sourceTree = "<group>"; };
		43689DAD2093507700052C7A /* CPCYear.swift */ = {isa = PBXFileReference; lastKnownFileType = sourcecode.swift; path = CPCYear.swift; sourceTree = "<group>"; };
		43689DB4209364BF00052C7A /* CPCCalendarUnitBackingType.swift */ = {isa = PBXFileReference; lastKnownFileType = sourcecode.swift; path = CPCCalendarUnitBackingType.swift; sourceTree = "<group>"; };
		43689DB72093656000052C7A /* CPCCompoundCalendarUnit.swift */ = {isa = PBXFileReference; lastKnownFileType = sourcecode.swift; path = CPCCompoundCalendarUnit.swift; sourceTree = "<group>"; };
		43689DBA2093681100052C7A /* CPCCalendarUnitSymbol.swift */ = {isa = PBXFileReference; lastKnownFileType = sourcecode.swift; path = CPCCalendarUnitSymbol.swift; sourceTree = "<group>"; };
		43689DBD20936F2500052C7A /* CPCMonthView.swift */ = {isa = PBXFileReference; fileEncoding = 4; lastKnownFileType = sourcecode.swift; path = CPCMonthView.swift; sourceTree = "<group>"; };
		43689DBE20936F2500052C7A /* CPCCalendarView.swift */ = {isa = PBXFileReference; fileEncoding = 4; lastKnownFileType = sourcecode.swift; path = CPCCalendarView.swift; sourceTree = "<group>"; };
		43689DC920937AF200052C7A /* CPCDayCellState.h */ = {isa = PBXFileReference; lastKnownFileType = sourcecode.c.h; path = CPCDayCellState.h; sourceTree = "<group>"; };
		43689DCB20937BED00052C7A /* CPCalendar.h */ = {isa = PBXFileReference; lastKnownFileType = sourcecode.c.h; path = CPCalendar.h; sourceTree = "<group>"; };
		436F53B720A4C14900ACE40A /* UnownedArray.swift */ = {isa = PBXFileReference; lastKnownFileType = sourcecode.swift; path = UnownedArray.swift; sourceTree = "<group>"; };
		436F53BA20A4C86B00ACE40A /* CPCViewProtocol.swift */ = {isa = PBXFileReference; lastKnownFileType = sourcecode.swift; path = CPCViewProtocol.swift; sourceTree = "<group>"; };
		436F53BC20A4D8B900ACE40A /* CPCMultiMonthsView.swift */ = {isa = PBXFileReference; lastKnownFileType = sourcecode.swift; path = CPCMultiMonthsView.swift; sourceTree = "<group>"; };
		436F53BE20A4DA1800ACE40A /* CPCDayCellState.swift */ = {isa = PBXFileReference; lastKnownFileType = sourcecode.swift; path = CPCDayCellState.swift; sourceTree = "<group>"; };
		43B6E72020A0615400A7403B /* ThreadsafeStorage.swift */ = {isa = PBXFileReference; lastKnownFileType = sourcecode.swift; path = ThreadsafeStorage.swift; sourceTree = "<group>"; };
		43B6E72320A0902700A7403B /* CPCalendar.podspec */ = {isa = PBXFileReference; explicitFileType = text.script.ruby; path = CPCalendar.podspec; sourceTree = "<group>"; };
		43B6E72920A0B93F00A7403B /* CPCalendar.modulemap */ = {isa = PBXFileReference; lastKnownFileType = "sourcecode.module-map"; path = CPCalendar.modulemap; sourceTree = "<group>"; };
		43C06FE820924E7400202ED8 /* CPCalendar.framework */ = {isa = PBXFileReference; explicitFileType = wrapper.framework; includeInIndex = 0; path = CPCalendar.framework; sourceTree = BUILT_PRODUCTS_DIR; };
		43C06FEB20924E7400202ED8 /* Info.plist */ = {isa = PBXFileReference; lastKnownFileType = text.plist.xml; path = Info.plist; sourceTree = "<group>"; };
		43C06FF420924EDE00202ED8 /* libCPCalendar.a */ = {isa = PBXFileReference; explicitFileType = archive.ar; includeInIndex = 0; path = libCPCalendar.a; sourceTree = BUILT_PRODUCTS_DIR; };
		43C07000209259B900202ED8 /* CPCDay.swift */ = {isa = PBXFileReference; lastKnownFileType = sourcecode.swift; path = CPCDay.swift; sourceTree = "<group>"; };
		43C070032092ED9C00202ED8 /* CPCMonth.swift */ = {isa = PBXFileReference; lastKnownFileType = sourcecode.swift; path = CPCMonth.swift; sourceTree = "<group>"; };
		43C070052092EDC700202ED8 /* CPCDatesRange.swift */ = {isa = PBXFileReference; lastKnownFileType = sourcecode.swift; path = CPCDatesRange.swift; sourceTree = "<group>"; };
		43C070092092F26500202ED8 /* CPCWeek.swift */ = {isa = PBXFileReference; lastKnownFileType = sourcecode.swift; path = CPCWeek.swift; sourceTree = "<group>"; };
		43C0700B2092F49D00202ED8 /* CPCCalendarUnit.swift */ = {isa = PBXFileReference; lastKnownFileType = sourcecode.swift; path = CPCCalendarUnit.swift; sourceTree = "<group>"; };
		43C0700F2092F85200202ED8 /* guarantee.swift */ = {isa = PBXFileReference; lastKnownFileType = sourcecode.swift; path = guarantee.swift; sourceTree = "<group>"; };
/* End PBXFileReference section */

/* Begin PBXFrameworksBuildPhase section */
		43C06FE420924E7400202ED8 /* Frameworks */ = {
			isa = PBXFrameworksBuildPhase;
			buildActionMask = 2147483647;
			files = (
			);
			runOnlyForDeploymentPostprocessing = 0;
		};
		43C06FF120924EDE00202ED8 /* Frameworks */ = {
			isa = PBXFrameworksBuildPhase;
			buildActionMask = 2147483647;
			files = (
			);
			runOnlyForDeploymentPostprocessing = 0;
		};
/* End PBXFrameworksBuildPhase section */

/* Begin PBXGroup section */
		430492A82094720100A4F1F1 /* Util */ = {
			isa = PBXGroup;
			children = (
				43101B9B209D037500904529 /* hash.swift */,
				43C0700F2092F85200202ED8 /* guarantee.swift */,
				436F53B720A4C14900ACE40A /* UnownedArray.swift */,
				43B6E72020A0615400A7403B /* ThreadsafeStorage.swift */,
				43584B1020A4F18D00035A81 /* FloatingPointRounding.swift */,
				43101B92209CDFBD00904529 /* GridIndices.swift */,
				430492AC2094B54000A4F1F1 /* RangeExpressionInitialization.swift */,
				430492A92094724F00A4F1F1 /* ComputedCollection.swift */,
			);
			path = Util;
			sourceTree = "<group>";
		};
		43689DC32093735000052C7A /* Supporting Files */ = {
			isa = PBXGroup;
			children = (
				43689DCB20937BED00052C7A /* CPCalendar.h */,
				43B6E72920A0B93F00A7403B /* CPCalendar.modulemap */,
				43C06FEB20924E7400202ED8 /* Info.plist */,
			);
			path = "Supporting Files";
			sourceTree = "<group>";
		};
		43AF4AC32092311B001A0F40 = {
			isa = PBXGroup;
			children = (
				43B6E72320A0902700A7403B /* CPCalendar.podspec */,
				43C06FE220924E5A00202ED8 /* CPCalendar */,
				43AF4ACE2092311B001A0F40 /* Products */,
			);
			sourceTree = "<group>";
		};
		43AF4ACE2092311B001A0F40 /* Products */ = {
			isa = PBXGroup;
			children = (
				43C06FE820924E7400202ED8 /* CPCalendar.framework */,
				43C06FF420924EDE00202ED8 /* libCPCalendar.a */,
			);
			name = Products;
			sourceTree = "<group>";
		};
		43C06FE220924E5A00202ED8 /* CPCalendar */ = {
			isa = PBXGroup;
			children = (
				430492A82094720100A4F1F1 /* Util */,
				43C06FFB20924F0200202ED8 /* Model */,
				43C06FFC20924F1000202ED8 /* View */,
				43689DC32093735000052C7A /* Supporting Files */,
			);
			path = CPCalendar;
			sourceTree = "<group>";
		};
		43C06FFB20924F0200202ED8 /* Model */ = {
			isa = PBXGroup;
			children = (
				43C070052092EDC700202ED8 /* CPCDatesRange.swift */,
				43689DB4209364BF00052C7A /* CPCCalendarUnitBackingType.swift */,
				43C0700B2092F49D00202ED8 /* CPCCalendarUnit.swift */,
				43689DBA2093681100052C7A /* CPCCalendarUnitSymbol.swift */,
				43689DB72093656000052C7A /* CPCCompoundCalendarUnit.swift */,
				43C07000209259B900202ED8 /* CPCDay.swift */,
				43C070092092F26500202ED8 /* CPCWeek.swift */,
				43C070032092ED9C00202ED8 /* CPCMonth.swift */,
				43689DAD2093507700052C7A /* CPCYear.swift */,
			);
			path = Model;
			sourceTree = "<group>";
		};
		43C06FFC20924F1000202ED8 /* View */ = {
			isa = PBXGroup;
			children = (
				43689DC920937AF200052C7A /* CPCDayCellState.h */,
				436F53BE20A4DA1800ACE40A /* CPCDayCellState.swift */,
				436F53BA20A4C86B00ACE40A /* CPCViewProtocol.swift */,
				43689DBD20936F2500052C7A /* CPCMonthView.swift */,
				43101B94209CFBB400904529 /* CPCMonthView_GridLayoutInfo.swift */,
				43101B96209CFBC100904529 /* CPCMonthView_RedrawContext.swift */,
				43101BA1209D0D0600904529 /* CPCMonthView_BuiltinSelectionHandlers.swift */,
				43101B9E209D0C6E00904529 /* CPCMonthView_ObjC.swift */,
				436F53BC20A4D8B900ACE40A /* CPCMultiMonthsView.swift */,
				43689DBE20936F2500052C7A /* CPCCalendarView.swift */,
			);
			path = View;
			sourceTree = "<group>";
		};
/* End PBXGroup section */

/* Begin PBXHeadersBuildPhase section */
		43C06FE520924E7400202ED8 /* Headers */ = {
			isa = PBXHeadersBuildPhase;
			buildActionMask = 2147483647;
			files = (
				43689DCA20937AF200052C7A /* CPCDayCellState.h in Headers */,
				43689DCC20937C9F00052C7A /* CPCalendar.h in Headers */,
			);
			runOnlyForDeploymentPostprocessing = 0;
		};
/* End PBXHeadersBuildPhase section */

/* Begin PBXNativeTarget section */
		43C06FE720924E7400202ED8 /* CPCalendar-framework */ = {
			isa = PBXNativeTarget;
			buildConfigurationList = 43C06FED20924E7400202ED8 /* Build configuration list for PBXNativeTarget "CPCalendar-framework" */;
			buildPhases = (
				43C06FE320924E7400202ED8 /* Sources */,
				43C06FE420924E7400202ED8 /* Frameworks */,
				43C06FE520924E7400202ED8 /* Headers */,
				43C06FE620924E7400202ED8 /* Resources */,
			);
			buildRules = (
			);
			dependencies = (
			);
			name = "CPCalendar-framework";
			productName = "CPCalendar-framework";
			productReference = 43C06FE820924E7400202ED8 /* CPCalendar.framework */;
			productType = "com.apple.product-type.framework";
		};
		43C06FF320924EDE00202ED8 /* CPCalendar-library */ = {
			isa = PBXNativeTarget;
			buildConfigurationList = 43C06FF820924EDE00202ED8 /* Build configuration list for PBXNativeTarget "CPCalendar-library" */;
			buildPhases = (
				43C06FF020924EDE00202ED8 /* Sources */,
				43C06FF120924EDE00202ED8 /* Frameworks */,
				43C06FF220924EDE00202ED8 /* CopyFiles */,
			);
			buildRules = (
			);
			dependencies = (
			);
			name = "CPCalendar-library";
			productName = "CPCalendar-library";
			productReference = 43C06FF420924EDE00202ED8 /* libCPCalendar.a */;
			productType = "com.apple.product-type.library.static";
		};
/* End PBXNativeTarget section */

/* Begin PBXProject section */
		43AF4AC42092311B001A0F40 /* Project object */ = {
			isa = PBXProject;
			attributes = {
				LastSwiftUpdateCheck = 0930;
				LastUpgradeCheck = 0930;
				ORGANIZATIONNAME = "Cleverpumpkin, Ltd.";
				TargetAttributes = {
					43C06FE720924E7400202ED8 = {
						CreatedOnToolsVersion = 9.3;
						LastSwiftMigration = 0930;
					};
					43C06FF320924EDE00202ED8 = {
						CreatedOnToolsVersion = 9.3;
					};
				};
			};
			buildConfigurationList = 43AF4AC72092311B001A0F40 /* Build configuration list for PBXProject "CPCalendar" */;
			compatibilityVersion = "Xcode 9.3";
			developmentRegion = en;
			hasScannedForEncodings = 0;
			knownRegions = (
				en,
			);
			mainGroup = 43AF4AC32092311B001A0F40;
			productRefGroup = 43AF4ACE2092311B001A0F40 /* Products */;
			projectDirPath = "";
			projectRoot = "";
			targets = (
				43C06FE720924E7400202ED8 /* CPCalendar-framework */,
				43C06FF320924EDE00202ED8 /* CPCalendar-library */,
			);
		};
/* End PBXProject section */

/* Begin PBXResourcesBuildPhase section */
		43C06FE620924E7400202ED8 /* Resources */ = {
			isa = PBXResourcesBuildPhase;
			buildActionMask = 2147483647;
			files = (
			);
			runOnlyForDeploymentPostprocessing = 0;
		};
/* End PBXResourcesBuildPhase section */

/* Begin PBXSourcesBuildPhase section */
		43C06FE320924E7400202ED8 /* Sources */ = {
			isa = PBXSourcesBuildPhase;
			buildActionMask = 2147483647;
			files = (
				43101B9C209D037500904529 /* hash.swift in Sources */,
				43C070102092F85200202ED8 /* guarantee.swift in Sources */,
				436F53B820A4C14900ACE40A /* UnownedArray.swift in Sources */,
				43B6E72120A0615400A7403B /* ThreadsafeStorage.swift in Sources */,
				43584B1120A4F18E00035A81 /* FloatingPointRounding.swift in Sources */,
				43101B93209CDFBD00904529 /* GridIndices.swift in Sources */,
				430492AD2094B54000A4F1F1 /* RangeExpressionInitialization.swift in Sources */,
				430492AA2094724F00A4F1F1 /* ComputedCollection.swift in Sources */,
				43C070062092EDC700202ED8 /* CPCDatesRange.swift in Sources */,
				436F53BD20A4D8B900ACE40A /* CPCMultiMonthsView.swift in Sources */,
				43689DB5209364BF00052C7A /* CPCCalendarUnitBackingType.swift in Sources */,
				43C0700C2092F49D00202ED8 /* CPCCalendarUnit.swift in Sources */,
				43689DBB2093681100052C7A /* CPCCalendarUnitSymbol.swift in Sources */,
				43689DB82093656000052C7A /* CPCCompoundCalendarUnit.swift in Sources */,
				43C07001209259B900202ED8 /* CPCDay.swift in Sources */,
				43C0700A2092F26500202ED8 /* CPCWeek.swift in Sources */,
				43C070042092ED9C00202ED8 /* CPCMonth.swift in Sources */,
				43689DAE2093507700052C7A /* CPCYear.swift in Sources */,
				436F53BF20A4DA1800ACE40A /* CPCDayCellState.swift in Sources */,
				43689DBF20936F2600052C7A /* CPCMonthView.swift in Sources */,
				43101B95209CFBB400904529 /* CPCMonthView_GridLayoutInfo.swift in Sources */,
				436F53BB20A4C86B00ACE40A /* CPCViewProtocol.swift in Sources */,
				43101B97209CFBC100904529 /* CPCMonthView_RedrawContext.swift in Sources */,
				43101BA2209D0D0600904529 /* CPCMonthView_BuiltinSelectionHandlers.swift in Sources */,
				43101B9F209D0C6E00904529 /* CPCMonthView_ObjC.swift in Sources */,
				43689DC020936F2600052C7A /* CPCCalendarView.swift in Sources */,
			);
			runOnlyForDeploymentPostprocessing = 0;
		};
		43C06FF020924EDE00202ED8 /* Sources */ = {
			isa = PBXSourcesBuildPhase;
			buildActionMask = 2147483647;
			files = (
				43101B9D209D037A00904529 /* hash.swift in Sources */,
				43C070112092F85700202ED8 /* guarantee.swift in Sources */,
				436F53B920A4C5E100ACE40A /* UnownedArray.swift in Sources */,
				43B6E72220A062CF00A7403B /* ThreadsafeStorage.swift in Sources */,
				43B6E71F20A02BB100A7403B /* GridIndices.swift in Sources */,
				430492AE2094B61000A4F1F1 /* RangeExpressionInitialization.swift in Sources */,
				430492AB209472D800A4F1F1 /* ComputedCollection.swift in Sources */,
				43584B1220A4F1A000035A81 /* FloatingPointRounding.swift in Sources */,
				43C070072092F10C00202ED8 /* CPCDatesRange.swift in Sources */,
				43689DB6209364C100052C7A /* CPCCalendarUnitBackingType.swift in Sources */,
				43C0700D2092F4F400202ED8 /* CPCCalendarUnit.swift in Sources */,
				43689DBC2093681100052C7A /* CPCCalendarUnitSymbol.swift in Sources */,
				43689DB92093667900052C7A /* CPCCompoundCalendarUnit.swift in Sources */,
				43C070022092D36400202ED8 /* CPCDay.swift in Sources */,
				43C0700E2092F4F400202ED8 /* CPCWeek.swift in Sources */,
				43C070082092F10C00202ED8 /* CPCMonth.swift in Sources */,
				43584B1420A4F1B500035A81 /* CPCViewProtocol.swift in Sources */,
				43689DAF209352BC00052C7A /* CPCYear.swift in Sources */,
				43689DC8209379F100052C7A /* CPCMonthView.swift in Sources */,
				43584B1320A4F1B500035A81 /* CPCDayCellState.swift in Sources */,
				43101B98209CFC2000904529 /* CPCMonthView_GridLayoutInfo.swift in Sources */,
				43101B99209CFC2000904529 /* CPCMonthView_RedrawContext.swift in Sources */,
				43101BA3209D0D0D00904529 /* CPCMonthView_BuiltinSelectionHandlers.swift in Sources */,
				43101BA0209D0C8700904529 /* CPCMonthView_ObjC.swift in Sources */,
				43584B1520A4F1B500035A81 /* CPCMultiMonthsView.swift in Sources */,
				43101B9A209CFC2000904529 /* CPCCalendarView.swift in Sources */,
			);
			runOnlyForDeploymentPostprocessing = 0;
		};
/* End PBXSourcesBuildPhase section */

/* Begin XCBuildConfiguration section */
		43AF4AD32092311B001A0F40 /* Debug */ = {
			isa = XCBuildConfiguration;
			buildSettings = {
				ALWAYS_SEARCH_USER_PATHS = NO;
				CLANG_ANALYZER_NONNULL = YES;
				CLANG_ANALYZER_NUMBER_OBJECT_CONVERSION = YES_AGGRESSIVE;
				CLANG_CXX_LANGUAGE_STANDARD = "gnu++14";
				CLANG_CXX_LIBRARY = "libc++";
				CLANG_ENABLE_MODULES = YES;
				CLANG_ENABLE_OBJC_ARC = YES;
				CLANG_ENABLE_OBJC_WEAK = YES;
				CLANG_WARN_BLOCK_CAPTURE_AUTORELEASING = YES;
				CLANG_WARN_BOOL_CONVERSION = YES;
				CLANG_WARN_COMMA = YES;
				CLANG_WARN_CONSTANT_CONVERSION = YES;
				CLANG_WARN_DEPRECATED_OBJC_IMPLEMENTATIONS = YES;
				CLANG_WARN_DIRECT_OBJC_ISA_USAGE = YES_ERROR;
				CLANG_WARN_DOCUMENTATION_COMMENTS = YES;
				CLANG_WARN_EMPTY_BODY = YES;
				CLANG_WARN_ENUM_CONVERSION = YES;
				CLANG_WARN_INFINITE_RECURSION = YES;
				CLANG_WARN_INT_CONVERSION = YES;
				CLANG_WARN_NON_LITERAL_NULL_CONVERSION = YES;
				CLANG_WARN_OBJC_IMPLICIT_RETAIN_SELF = YES;
				CLANG_WARN_OBJC_LITERAL_CONVERSION = YES;
				CLANG_WARN_OBJC_ROOT_CLASS = YES_ERROR;
				CLANG_WARN_RANGE_LOOP_ANALYSIS = YES;
				CLANG_WARN_STRICT_PROTOTYPES = YES;
				CLANG_WARN_SUSPICIOUS_MOVE = YES;
				CLANG_WARN_UNGUARDED_AVAILABILITY = YES_AGGRESSIVE;
				CLANG_WARN_UNREACHABLE_CODE = YES;
				CLANG_WARN__DUPLICATE_METHOD_MATCH = YES;
				CODE_SIGN_IDENTITY = "iPhone Developer";
				COPY_PHASE_STRIP = NO;
				CURRENT_PROJECT_VERSION = 1;
				DEBUG_INFORMATION_FORMAT = dwarf;
				ENABLE_STRICT_OBJC_MSGSEND = YES;
				ENABLE_TESTABILITY = YES;
				GCC_C_LANGUAGE_STANDARD = gnu11;
				GCC_DYNAMIC_NO_PIC = NO;
				GCC_NO_COMMON_BLOCKS = YES;
				GCC_OPTIMIZATION_LEVEL = 0;
				GCC_PREPROCESSOR_DEFINITIONS = (
					"DEBUG=1",
					"$(inherited)",
				);
				GCC_WARN_64_TO_32_BIT_CONVERSION = YES;
				GCC_WARN_ABOUT_RETURN_TYPE = YES_ERROR;
				GCC_WARN_UNDECLARED_SELECTOR = YES;
				GCC_WARN_UNINITIALIZED_AUTOS = YES_AGGRESSIVE;
				GCC_WARN_UNUSED_FUNCTION = YES;
				GCC_WARN_UNUSED_VARIABLE = YES;
				IPHONEOS_DEPLOYMENT_TARGET = 11.3;
				MTL_ENABLE_DEBUG_INFO = YES;
				ONLY_ACTIVE_ARCH = YES;
				SDKROOT = iphoneos;
				SWIFT_ACTIVE_COMPILATION_CONDITIONS = DEBUG;
				SWIFT_INSTALL_OBJC_HEADER = YES;
				SWIFT_OPTIMIZATION_LEVEL = "-Onone";
				SWIFT_SWIFT3_OBJC_INFERENCE = Off;
				VERSIONING_SYSTEM = "apple-generic";
				VERSION_INFO_PREFIX = "";
			};
			name = Debug;
		};
		43AF4AD42092311B001A0F40 /* Release */ = {
			isa = XCBuildConfiguration;
			buildSettings = {
				ALWAYS_SEARCH_USER_PATHS = NO;
				CLANG_ANALYZER_NONNULL = YES;
				CLANG_ANALYZER_NUMBER_OBJECT_CONVERSION = YES_AGGRESSIVE;
				CLANG_CXX_LANGUAGE_STANDARD = "gnu++14";
				CLANG_CXX_LIBRARY = "libc++";
				CLANG_ENABLE_MODULES = YES;
				CLANG_ENABLE_OBJC_ARC = YES;
				CLANG_ENABLE_OBJC_WEAK = YES;
				CLANG_WARN_BLOCK_CAPTURE_AUTORELEASING = YES;
				CLANG_WARN_BOOL_CONVERSION = YES;
				CLANG_WARN_COMMA = YES;
				CLANG_WARN_CONSTANT_CONVERSION = YES;
				CLANG_WARN_DEPRECATED_OBJC_IMPLEMENTATIONS = YES;
				CLANG_WARN_DIRECT_OBJC_ISA_USAGE = YES_ERROR;
				CLANG_WARN_DOCUMENTATION_COMMENTS = YES;
				CLANG_WARN_EMPTY_BODY = YES;
				CLANG_WARN_ENUM_CONVERSION = YES;
				CLANG_WARN_INFINITE_RECURSION = YES;
				CLANG_WARN_INT_CONVERSION = YES;
				CLANG_WARN_NON_LITERAL_NULL_CONVERSION = YES;
				CLANG_WARN_OBJC_IMPLICIT_RETAIN_SELF = YES;
				CLANG_WARN_OBJC_LITERAL_CONVERSION = YES;
				CLANG_WARN_OBJC_ROOT_CLASS = YES_ERROR;
				CLANG_WARN_RANGE_LOOP_ANALYSIS = YES;
				CLANG_WARN_STRICT_PROTOTYPES = YES;
				CLANG_WARN_SUSPICIOUS_MOVE = YES;
				CLANG_WARN_UNGUARDED_AVAILABILITY = YES_AGGRESSIVE;
				CLANG_WARN_UNREACHABLE_CODE = YES;
				CLANG_WARN__DUPLICATE_METHOD_MATCH = YES;
				CODE_SIGN_IDENTITY = "iPhone Developer";
				COPY_PHASE_STRIP = NO;
				CURRENT_PROJECT_VERSION = 1;
				DEBUG_INFORMATION_FORMAT = "dwarf-with-dsym";
				ENABLE_NS_ASSERTIONS = NO;
				ENABLE_STRICT_OBJC_MSGSEND = YES;
				GCC_C_LANGUAGE_STANDARD = gnu11;
				GCC_NO_COMMON_BLOCKS = YES;
				GCC_WARN_64_TO_32_BIT_CONVERSION = YES;
				GCC_WARN_ABOUT_RETURN_TYPE = YES_ERROR;
				GCC_WARN_UNDECLARED_SELECTOR = YES;
				GCC_WARN_UNINITIALIZED_AUTOS = YES_AGGRESSIVE;
				GCC_WARN_UNUSED_FUNCTION = YES;
				GCC_WARN_UNUSED_VARIABLE = YES;
				IPHONEOS_DEPLOYMENT_TARGET = 11.3;
				MTL_ENABLE_DEBUG_INFO = NO;
				SDKROOT = iphoneos;
				SWIFT_COMPILATION_MODE = wholemodule;
				SWIFT_INSTALL_OBJC_HEADER = YES;
				SWIFT_OPTIMIZATION_LEVEL = "-Osize";
				SWIFT_SWIFT3_OBJC_INFERENCE = Off;
				VALIDATE_PRODUCT = YES;
				VERSIONING_SYSTEM = "apple-generic";
				VERSION_INFO_PREFIX = "";
			};
			name = Release;
		};
		43C06FEE20924E7400202ED8 /* Debug */ = {
			isa = XCBuildConfiguration;
			buildSettings = {
				CLANG_ENABLE_MODULES = YES;
				CODE_SIGN_IDENTITY = "";
				CODE_SIGN_STYLE = Automatic;
				DEFINES_MODULE = YES;
				DYLIB_COMPATIBILITY_VERSION = 1;
				DYLIB_CURRENT_VERSION = 1;
				DYLIB_INSTALL_NAME_BASE = "@rpath";
				INFOPLIST_FILE = "CPCalendar/Supporting Files/Info.plist";
				INSTALL_PATH = "$(LOCAL_LIBRARY_DIR)/Frameworks";
				LD_RUNPATH_SEARCH_PATHS = (
					"$(inherited)",
					"@executable_path/Frameworks",
					"@loader_path/Frameworks",
				);
				PRODUCT_BUNDLE_IDENTIFIER = ru.cleverpumpkin.CPCalendar;
				PRODUCT_NAME = CPCalendar;
				SKIP_INSTALL = YES;
				SWIFT_OPTIMIZATION_LEVEL = "-Onone";
				SWIFT_VERSION = 4.0;
				TARGETED_DEVICE_FAMILY = "1,2";
			};
			name = Debug;
		};
		43C06FEF20924E7400202ED8 /* Release */ = {
			isa = XCBuildConfiguration;
			buildSettings = {
				CLANG_ENABLE_MODULES = YES;
				CODE_SIGN_IDENTITY = "";
				CODE_SIGN_STYLE = Automatic;
				DEFINES_MODULE = YES;
				DYLIB_COMPATIBILITY_VERSION = 1;
				DYLIB_CURRENT_VERSION = 1;
				DYLIB_INSTALL_NAME_BASE = "@rpath";
				INFOPLIST_FILE = "CPCalendar/Supporting Files/Info.plist";
				INSTALL_PATH = "$(LOCAL_LIBRARY_DIR)/Frameworks";
				LD_RUNPATH_SEARCH_PATHS = (
					"$(inherited)",
					"@executable_path/Frameworks",
					"@loader_path/Frameworks",
				);
				PRODUCT_BUNDLE_IDENTIFIER = ru.cleverpumpkin.CPCalendar;
				PRODUCT_NAME = CPCalendar;
				SKIP_INSTALL = YES;
				SWIFT_VERSION = 4.0;
				TARGETED_DEVICE_FAMILY = "1,2";
			};
			name = Release;
		};
		43C06FF920924EDE00202ED8 /* Debug */ = {
			isa = XCBuildConfiguration;
			buildSettings = {
				CODE_SIGN_STYLE = Automatic;
				OTHER_LDFLAGS = "-ObjC";
				PRODUCT_NAME = CPCalendar;
				SKIP_INSTALL = YES;
				SWIFT_VERSION = 4.0;
				TARGETED_DEVICE_FAMILY = "1,2";
			};
			name = Debug;
		};
		43C06FFA20924EDE00202ED8 /* Release */ = {
			isa = XCBuildConfiguration;
			buildSettings = {
				CODE_SIGN_STYLE = Automatic;
				OTHER_LDFLAGS = "-ObjC";
				PRODUCT_NAME = CPCalendar;
				SKIP_INSTALL = YES;
				SWIFT_VERSION = 4.0;
				TARGETED_DEVICE_FAMILY = "1,2";
			};
			name = Release;
		};
/* End XCBuildConfiguration section */

/* Begin XCConfigurationList section */
		43AF4AC72092311B001A0F40 /* Build configuration list for PBXProject "CPCalendar" */ = {
			isa = XCConfigurationList;
			buildConfigurations = (
				43AF4AD32092311B001A0F40 /* Debug */,
				43AF4AD42092311B001A0F40 /* Release */,
			);
			defaultConfigurationIsVisible = 0;
			defaultConfigurationName = Release;
		};
		43C06FED20924E7400202ED8 /* Build configuration list for PBXNativeTarget "CPCalendar-framework" */ = {
			isa = XCConfigurationList;
			buildConfigurations = (
				43C06FEE20924E7400202ED8 /* Debug */,
				43C06FEF20924E7400202ED8 /* Release */,
			);
			defaultConfigurationIsVisible = 0;
			defaultConfigurationName = Release;
		};
		43C06FF820924EDE00202ED8 /* Build configuration list for PBXNativeTarget "CPCalendar-library" */ = {
			isa = XCConfigurationList;
			buildConfigurations = (
				43C06FF920924EDE00202ED8 /* Debug */,
				43C06FFA20924EDE00202ED8 /* Release */,
			);
			defaultConfigurationIsVisible = 0;
			defaultConfigurationName = Release;
		};
/* End XCConfigurationList section */
	};
	rootObject = 43AF4AC42092311B001A0F40 /* Project object */;
}
