// !$*UTF8*$!
{
	archiveVersion = 1;
	classes = {
	};
	objectVersion = 50;
	objects = {

/* Begin PBXBuildFile section */
		430492AA2094724F00A4F1F1 /* ComputedCollection.swift in Sources */ = {isa = PBXBuildFile; fileRef = 430492A92094724F00A4F1F1 /* ComputedCollection.swift */; };
		430492AD2094B54000A4F1F1 /* RangeExpressionInitialization.swift in Sources */ = {isa = PBXBuildFile; fileRef = 430492AC2094B54000A4F1F1 /* RangeExpressionInitialization.swift */; };
		43101B93209CDFBD00904529 /* GridIndices.swift in Sources */ = {isa = PBXBuildFile; fileRef = 43101B92209CDFBD00904529 /* GridIndices.swift */; };
		43101B95209CFBB400904529 /* CPCMonthView_Layout.swift in Sources */ = {isa = PBXBuildFile; fileRef = 43101B94209CFBB400904529 /* CPCMonthView_Layout.swift */; };
		43101B97209CFBC100904529 /* CPCMonthView_RedrawContext.swift in Sources */ = {isa = PBXBuildFile; fileRef = 43101B96209CFBC100904529 /* CPCMonthView_RedrawContext.swift */; };
		4314535020AEEE7F0019EB01 /* CPCViewProtocol_ObjCSupport.swift in Sources */ = {isa = PBXBuildFile; fileRef = 4314534D20AEEE7F0019EB01 /* CPCViewProtocol_ObjCSupport.swift */; };
		4314535320AEEEAC0019EB01 /* CPCViewTitleStyle.m in Sources */ = {isa = PBXBuildFile; fileRef = 4314535220AEEEAC0019EB01 /* CPCViewTitleStyle.m */; };
		4314535720AEF0200019EB01 /* CPCViewTitleStyle.swift in Sources */ = {isa = PBXBuildFile; fileRef = 4314535620AEF0200019EB01 /* CPCViewTitleStyle.swift */; };
		4314535A20AEF0980019EB01 /* CPCViewSelection.swift in Sources */ = {isa = PBXBuildFile; fileRef = 4314535920AEF0980019EB01 /* CPCViewSelection.swift */; };
		4314535C20AEF2E50019EB01 /* CPCViewTitleStyle.h in Headers */ = {isa = PBXBuildFile; fileRef = 4314535520AEEEBD0019EB01 /* CPCViewTitleStyle.h */; settings = {ATTRIBUTES = (Public, ); }; };
		4314536120AF29BC0019EB01 /* CPCViewMeasuring.swift in Sources */ = {isa = PBXBuildFile; fileRef = 4314536020AF29BC0019EB01 /* CPCViewMeasuring.swift */; };
		4314536820B21A3C0019EB01 /* CPCCalendarUnitSymbolStyle.h in Headers */ = {isa = PBXBuildFile; fileRef = 4314536620B21A3C0019EB01 /* CPCCalendarUnitSymbolStyle.h */; settings = {ATTRIBUTES = (Public, ); }; };
		4314536D20B21DD90019EB01 /* CPCWeekView.swift in Sources */ = {isa = PBXBuildFile; fileRef = 4314536C20B21DD90019EB01 /* CPCWeekView.swift */; };
		4314536F20B220AB0019EB01 /* NSParagraphStyle_convenience.swift in Sources */ = {isa = PBXBuildFile; fileRef = 4314536E20B220AB0019EB01 /* NSParagraphStyle_convenience.swift */; };
		4314537120B226F40019EB01 /* CPCFontMetrics.swift in Sources */ = {isa = PBXBuildFile; fileRef = 4314537020B226F40019EB01 /* CPCFontMetrics.swift */; };
		4314537320B22B340019EB01 /* CPCViewContentAdjusting.swift in Sources */ = {isa = PBXBuildFile; fileRef = 4314537220B22B340019EB01 /* CPCViewContentAdjusting.swift */; };
		4315019620B2A74600BD1186 /* CPCDayCellRenderer.swift in Sources */ = {isa = PBXBuildFile; fileRef = 4315019520B2A74600BD1186 /* CPCDayCellRenderer.swift */; };
		4318950220A9B77900D29AA8 /* CPCCalendarUnitCaching.swift in Sources */ = {isa = PBXBuildFile; fileRef = 4318950120A9B77900D29AA8 /* CPCCalendarUnitCaching.swift */; };
		4318950520AC80DE00D29AA8 /* CPCViewSelectionHandling.swift in Sources */ = {isa = PBXBuildFile; fileRef = 4318950420AC80DE00D29AA8 /* CPCViewSelectionHandling.swift */; };
		4318950720AC80F200D29AA8 /* RangeExpressionUnwrap.swift in Sources */ = {isa = PBXBuildFile; fileRef = 4318950620AC80F200D29AA8 /* RangeExpressionUnwrap.swift */; };
		434D8F0120B45032006B3BF6 /* CPCCalendarUnitSymbolImpl.swift in Sources */ = {isa = PBXBuildFile; fileRef = 434D8F0020B45032006B3BF6 /* CPCCalendarUnitSymbolImpl.swift */; };
		434D8F0320B46061006B3BF6 /* SingleElementOperations.swift in Sources */ = {isa = PBXBuildFile; fileRef = 434D8F0220B46061006B3BF6 /* SingleElementOperations.swift */; };
		434D8F0520B4678A006B3BF6 /* CPCCalendarUnit_CalendarWrapper.swift in Sources */ = {isa = PBXBuildFile; fileRef = 434D8F0420B4678A006B3BF6 /* CPCCalendarUnit_CalendarWrapper.swift */; };
		435802C320ADD0AD002FFE83 /* CPCViewSelectionConvenience.swift in Sources */ = {isa = PBXBuildFile; fileRef = 435802C220ADD0AC002FFE83 /* CPCViewSelectionConvenience.swift */; };
		43584B1120A4F18E00035A81 /* FloatingPointRounding.swift in Sources */ = {isa = PBXBuildFile; fileRef = 43584B1020A4F18D00035A81 /* FloatingPointRounding.swift */; };
		43689DAE2093507700052C7A /* CPCYear.swift in Sources */ = {isa = PBXBuildFile; fileRef = 43689DAD2093507700052C7A /* CPCYear.swift */; };
		43689DB5209364BF00052C7A /* CPCCalendarUnitBackingType.swift in Sources */ = {isa = PBXBuildFile; fileRef = 43689DB4209364BF00052C7A /* CPCCalendarUnitBackingType.swift */; };
		43689DB82093656000052C7A /* CPCCompoundCalendarUnit.swift in Sources */ = {isa = PBXBuildFile; fileRef = 43689DB72093656000052C7A /* CPCCompoundCalendarUnit.swift */; };
		43689DBB2093681100052C7A /* CPCCalendarUnitSymbol.swift in Sources */ = {isa = PBXBuildFile; fileRef = 43689DBA2093681100052C7A /* CPCCalendarUnitSymbol.swift */; };
		43689DBF20936F2600052C7A /* CPCMonthView.swift in Sources */ = {isa = PBXBuildFile; fileRef = 43689DBD20936F2500052C7A /* CPCMonthView.swift */; };
		43689DC020936F2600052C7A /* CPCCalendarView.swift in Sources */ = {isa = PBXBuildFile; fileRef = 43689DBE20936F2500052C7A /* CPCCalendarView.swift */; };
		43689DCA20937AF200052C7A /* CPCDayCellState.h in Headers */ = {isa = PBXBuildFile; fileRef = 43689DC920937AF200052C7A /* CPCDayCellState.h */; settings = {ATTRIBUTES = (Private, ); }; };
		43689DCC20937C9F00052C7A /* CrispyCalendar.h in Headers */ = {isa = PBXBuildFile; fileRef = 43689DCB20937BED00052C7A /* CrispyCalendar.h */; settings = {ATTRIBUTES = (Public, ); }; };
		436F53B820A4C14900ACE40A /* UnownedArray.swift in Sources */ = {isa = PBXBuildFile; fileRef = 436F53B720A4C14900ACE40A /* UnownedArray.swift */; };
		436F53BB20A4C86B00ACE40A /* CPCViewProtocol.swift in Sources */ = {isa = PBXBuildFile; fileRef = 436F53BA20A4C86B00ACE40A /* CPCViewProtocol.swift */; };
		436F53BD20A4D8B900ACE40A /* CPCMultiMonthsView.swift in Sources */ = {isa = PBXBuildFile; fileRef = 436F53BC20A4D8B900ACE40A /* CPCMultiMonthsView.swift */; };
		436F53BF20A4DA1800ACE40A /* CPCDayCellState.swift in Sources */ = {isa = PBXBuildFile; fileRef = 436F53BE20A4DA1800ACE40A /* CPCDayCellState.swift */; };
		437D67032180A2AF0092A42B /* CPCCalendarUnitBacking.swift in Sources */ = {isa = PBXBuildFile; fileRef = 437D67022180A2AF0092A42B /* CPCCalendarUnitBacking.swift */; };
		437E314E20EE3BEB00B64A5F /* CrispyCalendar.framework in Frameworks */ = {isa = PBXBuildFile; fileRef = 43C06FE820924E7400202ED8 /* CrispyCalendar.framework */; };
		437E314F20EE3BF300B64A5F /* CrispyCalendar.framework in Embed Frameworks */ = {isa = PBXBuildFile; fileRef = 43C06FE820924E7400202ED8 /* CrispyCalendar.framework */; settings = {ATTRIBUTES = (CodeSignOnCopy, RemoveHeadersOnCopy, ); }; };
		438454CC20D27E0E00CDC209 /* Assets.xcassets in Resources */ = {isa = PBXBuildFile; fileRef = 438454C620D27E0E00CDC209 /* Assets.xcassets */; };
		438454CD20D27E0E00CDC209 /* CPCAppDelegate.swift in Sources */ = {isa = PBXBuildFile; fileRef = 438454C820D27E0E00CDC209 /* CPCAppDelegate.swift */; };
		438454CF20D27E0E00CDC209 /* CPCDashboardVC.swift in Sources */ = {isa = PBXBuildFile; fileRef = 438454CB20D27E0E00CDC209 /* CPCDashboardVC.swift */; };
		438454D220D2880D00CDC209 /* LaunchScreen.xib in Resources */ = {isa = PBXBuildFile; fileRef = 438454D120D2880D00CDC209 /* LaunchScreen.xib */; };
		438454D920D2A41B00CDC209 /* CPCCalendarViewController.swift in Sources */ = {isa = PBXBuildFile; fileRef = 438454D820D2A41A00CDC209 /* CPCCalendarViewController.swift */; };
		438AAB5B20D7B0DB00017249 /* CPCMultiMonthsViewProtocol.swift in Sources */ = {isa = PBXBuildFile; fileRef = 438AAB5A20D7B0DB00017249 /* CPCMultiMonthsViewProtocol.swift */; };
		439D98B02177BC6C00FFB7DD /* Localizable.strings in Resources */ = {isa = PBXBuildFile; fileRef = 439D98B22177BC6C00FFB7DD /* Localizable.strings */; };
		439D98B62177EDDC00FFB7DD /* CPCDayCellRenderer.h in Headers */ = {isa = PBXBuildFile; fileRef = 439D98B52177EDDC00FFB7DD /* CPCDayCellRenderer.h */; settings = {ATTRIBUTES = (Private, ); }; };
		43B53ABF20D4166000AA27BB /* CPCCalendarView_Layout.swift in Sources */ = {isa = PBXBuildFile; fileRef = 43B53ABE20D4166000AA27BB /* CPCCalendarView_Layout.swift */; };
		43B53AC120D4194900AA27BB /* CPCCalendarView_Cell.swift in Sources */ = {isa = PBXBuildFile; fileRef = 43B53AC020D4194900AA27BB /* CPCCalendarView_Cell.swift */; };
		43B53AC320D421D900AA27BB /* unsafeCastConvenience.swift in Sources */ = {isa = PBXBuildFile; fileRef = 43B53AC220D421D900AA27BB /* unsafeCastConvenience.swift */; };
		43B6E72120A0615400A7403B /* ThreadsafeStorage.swift in Sources */ = {isa = PBXBuildFile; fileRef = 43B6E72020A0615400A7403B /* ThreadsafeStorage.swift */; };
		43C07001209259B900202ED8 /* CPCDay.swift in Sources */ = {isa = PBXBuildFile; fileRef = 43C07000209259B900202ED8 /* CPCDay.swift */; };
		43C070042092ED9C00202ED8 /* CPCMonth.swift in Sources */ = {isa = PBXBuildFile; fileRef = 43C070032092ED9C00202ED8 /* CPCMonth.swift */; };
		43C070062092EDC700202ED8 /* CPCDateInterval.swift in Sources */ = {isa = PBXBuildFile; fileRef = 43C070052092EDC700202ED8 /* CPCDateInterval.swift */; };
		43C0700A2092F26500202ED8 /* CPCWeek.swift in Sources */ = {isa = PBXBuildFile; fileRef = 43C070092092F26500202ED8 /* CPCWeek.swift */; };
		43C0700C2092F49D00202ED8 /* CPCCalendarUnit.swift in Sources */ = {isa = PBXBuildFile; fileRef = 43C0700B2092F49D00202ED8 /* CPCCalendarUnit.swift */; };
		43C070102092F85200202ED8 /* guarantee.swift in Sources */ = {isa = PBXBuildFile; fileRef = 43C0700F2092F85200202ED8 /* guarantee.swift */; };
		43C80F2720ED3A7000845440 /* CPCCalendarView_Layout_Storage.swift in Sources */ = {isa = PBXBuildFile; fileRef = 43C80F2620ED3A7000845440 /* CPCCalendarView_Layout_Storage.swift */; };
		43F8FE1E2182294800BE2EFE /* CPCCalendarUnitsStorage.h in Headers */ = {isa = PBXBuildFile; fileRef = 43F8FE1C2182294800BE2EFE /* CPCCalendarUnitsStorage.h */; settings = {ATTRIBUTES = (Private, ); }; };
/* End PBXBuildFile section */

/* Begin PBXContainerItemProxy section */
		438454D520D2A27200CDC209 /* PBXContainerItemProxy */ = {
			isa = PBXContainerItemProxy;
			containerPortal = 43AF4AC42092311B001A0F40 /* Project object */;
			proxyType = 1;
			remoteGlobalIDString = 43C06FE720924E7400202ED8;
			remoteInfo = CPCalendar;
		};
/* End PBXContainerItemProxy section */

/* Begin PBXCopyFilesBuildPhase section */
		438454D720D2A27300CDC209 /* Embed Frameworks */ = {
			isa = PBXCopyFilesBuildPhase;
			buildActionMask = 2147483647;
			dstPath = "";
			dstSubfolderSpec = 10;
			files = (
				437E314F20EE3BF300B64A5F /* CrispyCalendar.framework in Embed Frameworks */,
			);
			name = "Embed Frameworks";
			runOnlyForDeploymentPostprocessing = 0;
		};
/* End PBXCopyFilesBuildPhase section */

/* Begin PBXFileReference section */
		430492A92094724F00A4F1F1 /* ComputedCollection.swift */ = {isa = PBXFileReference; lastKnownFileType = sourcecode.swift; path = ComputedCollection.swift; sourceTree = "<group>"; };
		430492AC2094B54000A4F1F1 /* RangeExpressionInitialization.swift */ = {isa = PBXFileReference; lastKnownFileType = sourcecode.swift; path = RangeExpressionInitialization.swift; sourceTree = "<group>"; };
		4307A2A9217A038B00A717F8 /* README.md */ = {isa = PBXFileReference; lastKnownFileType = net.daringfireball.markdown; path = README.md; sourceTree = "<group>"; };
		43101B92209CDFBD00904529 /* GridIndices.swift */ = {isa = PBXFileReference; lastKnownFileType = sourcecode.swift; path = GridIndices.swift; sourceTree = "<group>"; };
		43101B94209CFBB400904529 /* CPCMonthView_Layout.swift */ = {isa = PBXFileReference; lastKnownFileType = sourcecode.swift; path = CPCMonthView_Layout.swift; sourceTree = "<group>"; };
		43101B96209CFBC100904529 /* CPCMonthView_RedrawContext.swift */ = {isa = PBXFileReference; lastKnownFileType = sourcecode.swift; path = CPCMonthView_RedrawContext.swift; sourceTree = "<group>"; };
		4314534D20AEEE7F0019EB01 /* CPCViewProtocol_ObjCSupport.swift */ = {isa = PBXFileReference; fileEncoding = 4; lastKnownFileType = sourcecode.swift; path = CPCViewProtocol_ObjCSupport.swift; sourceTree = "<group>"; };
		4314535220AEEEAC0019EB01 /* CPCViewTitleStyle.m */ = {isa = PBXFileReference; lastKnownFileType = sourcecode.c.objc; path = CPCViewTitleStyle.m; sourceTree = "<group>"; };
		4314535520AEEEBD0019EB01 /* CPCViewTitleStyle.h */ = {isa = PBXFileReference; lastKnownFileType = sourcecode.c.h; path = CPCViewTitleStyle.h; sourceTree = "<group>"; };
		4314535620AEF0200019EB01 /* CPCViewTitleStyle.swift */ = {isa = PBXFileReference; lastKnownFileType = sourcecode.swift; path = CPCViewTitleStyle.swift; sourceTree = "<group>"; };
		4314535920AEF0980019EB01 /* CPCViewSelection.swift */ = {isa = PBXFileReference; lastKnownFileType = sourcecode.swift; path = CPCViewSelection.swift; sourceTree = "<group>"; };
		4314536020AF29BC0019EB01 /* CPCViewMeasuring.swift */ = {isa = PBXFileReference; lastKnownFileType = sourcecode.swift; path = CPCViewMeasuring.swift; sourceTree = "<group>"; };
		4314536620B21A3C0019EB01 /* CPCCalendarUnitSymbolStyle.h */ = {isa = PBXFileReference; lastKnownFileType = sourcecode.c.h; path = CPCCalendarUnitSymbolStyle.h; sourceTree = "<group>"; };
		4314536C20B21DD90019EB01 /* CPCWeekView.swift */ = {isa = PBXFileReference; lastKnownFileType = sourcecode.swift; path = CPCWeekView.swift; sourceTree = "<group>"; };
		4314536E20B220AB0019EB01 /* NSParagraphStyle_convenience.swift */ = {isa = PBXFileReference; lastKnownFileType = sourcecode.swift; path = NSParagraphStyle_convenience.swift; sourceTree = "<group>"; };
		4314537020B226F40019EB01 /* CPCFontMetrics.swift */ = {isa = PBXFileReference; lastKnownFileType = sourcecode.swift; path = CPCFontMetrics.swift; sourceTree = "<group>"; };
		4314537220B22B340019EB01 /* CPCViewContentAdjusting.swift */ = {isa = PBXFileReference; lastKnownFileType = sourcecode.swift; path = CPCViewContentAdjusting.swift; sourceTree = "<group>"; };
		4315019520B2A74600BD1186 /* CPCDayCellRenderer.swift */ = {isa = PBXFileReference; lastKnownFileType = sourcecode.swift; path = CPCDayCellRenderer.swift; sourceTree = "<group>"; };
		4318950120A9B77900D29AA8 /* CPCCalendarUnitCaching.swift */ = {isa = PBXFileReference; lastKnownFileType = sourcecode.swift; path = CPCCalendarUnitCaching.swift; sourceTree = "<group>"; };
		4318950420AC80DE00D29AA8 /* CPCViewSelectionHandling.swift */ = {isa = PBXFileReference; fileEncoding = 4; lastKnownFileType = sourcecode.swift; path = CPCViewSelectionHandling.swift; sourceTree = "<group>"; };
		4318950620AC80F200D29AA8 /* RangeExpressionUnwrap.swift */ = {isa = PBXFileReference; lastKnownFileType = sourcecode.swift; path = RangeExpressionUnwrap.swift; sourceTree = "<group>"; };
		434D8F0020B45032006B3BF6 /* CPCCalendarUnitSymbolImpl.swift */ = {isa = PBXFileReference; lastKnownFileType = sourcecode.swift; path = CPCCalendarUnitSymbolImpl.swift; sourceTree = "<group>"; };
		434D8F0220B46061006B3BF6 /* SingleElementOperations.swift */ = {isa = PBXFileReference; lastKnownFileType = sourcecode.swift; path = SingleElementOperations.swift; sourceTree = "<group>"; };
		434D8F0420B4678A006B3BF6 /* CPCCalendarUnit_CalendarWrapper.swift */ = {isa = PBXFileReference; lastKnownFileType = sourcecode.swift; path = CPCCalendarUnit_CalendarWrapper.swift; sourceTree = "<group>"; };
		435802C220ADD0AC002FFE83 /* CPCViewSelectionConvenience.swift */ = {isa = PBXFileReference; fileEncoding = 4; lastKnownFileType = sourcecode.swift; path = CPCViewSelectionConvenience.swift; sourceTree = "<group>"; };
		43584B1020A4F18D00035A81 /* FloatingPointRounding.swift */ = {isa = PBXFileReference; fileEncoding = 4; lastKnownFileType = sourcecode.swift; path = FloatingPointRounding.swift; sourceTree = "<group>"; };
		43689DAD2093507700052C7A /* CPCYear.swift */ = {isa = PBXFileReference; lastKnownFileType = sourcecode.swift; path = CPCYear.swift; sourceTree = "<group>"; };
		43689DB4209364BF00052C7A /* CPCCalendarUnitBackingType.swift */ = {isa = PBXFileReference; lastKnownFileType = sourcecode.swift; path = CPCCalendarUnitBackingType.swift; sourceTree = "<group>"; };
		43689DB72093656000052C7A /* CPCCompoundCalendarUnit.swift */ = {isa = PBXFileReference; lastKnownFileType = sourcecode.swift; path = CPCCompoundCalendarUnit.swift; sourceTree = "<group>"; };
		43689DBA2093681100052C7A /* CPCCalendarUnitSymbol.swift */ = {isa = PBXFileReference; lastKnownFileType = sourcecode.swift; path = CPCCalendarUnitSymbol.swift; sourceTree = "<group>"; };
		43689DBD20936F2500052C7A /* CPCMonthView.swift */ = {isa = PBXFileReference; fileEncoding = 4; lastKnownFileType = sourcecode.swift; path = CPCMonthView.swift; sourceTree = "<group>"; };
		43689DBE20936F2500052C7A /* CPCCalendarView.swift */ = {isa = PBXFileReference; fileEncoding = 4; lastKnownFileType = sourcecode.swift; path = CPCCalendarView.swift; sourceTree = "<group>"; };
		43689DC920937AF200052C7A /* CPCDayCellState.h */ = {isa = PBXFileReference; lastKnownFileType = sourcecode.c.h; path = CPCDayCellState.h; sourceTree = "<group>"; };
		43689DCB20937BED00052C7A /* CrispyCalendar.h */ = {isa = PBXFileReference; lastKnownFileType = sourcecode.c.h; path = CrispyCalendar.h; sourceTree = "<group>"; };
		436F53B720A4C14900ACE40A /* UnownedArray.swift */ = {isa = PBXFileReference; lastKnownFileType = sourcecode.swift; path = UnownedArray.swift; sourceTree = "<group>"; };
		436F53BA20A4C86B00ACE40A /* CPCViewProtocol.swift */ = {isa = PBXFileReference; lastKnownFileType = sourcecode.swift; path = CPCViewProtocol.swift; sourceTree = "<group>"; };
		436F53BC20A4D8B900ACE40A /* CPCMultiMonthsView.swift */ = {isa = PBXFileReference; lastKnownFileType = sourcecode.swift; path = CPCMultiMonthsView.swift; sourceTree = "<group>"; };
		436F53BE20A4DA1800ACE40A /* CPCDayCellState.swift */ = {isa = PBXFileReference; lastKnownFileType = sourcecode.swift; path = CPCDayCellState.swift; sourceTree = "<group>"; };
		437D67022180A2AF0092A42B /* CPCCalendarUnitBacking.swift */ = {isa = PBXFileReference; lastKnownFileType = sourcecode.swift; path = CPCCalendarUnitBacking.swift; sourceTree = "<group>"; };
		438454B320D27DA500CDC209 /* CrispyCalendarDemo.app */ = {isa = PBXFileReference; explicitFileType = wrapper.application; includeInIndex = 0; path = CrispyCalendarDemo.app; sourceTree = BUILT_PRODUCTS_DIR; };
		438454C620D27E0E00CDC209 /* Assets.xcassets */ = {isa = PBXFileReference; lastKnownFileType = folder.assetcatalog; path = Assets.xcassets; sourceTree = "<group>"; };
		438454C820D27E0E00CDC209 /* CPCAppDelegate.swift */ = {isa = PBXFileReference; fileEncoding = 4; lastKnownFileType = sourcecode.swift; path = CPCAppDelegate.swift; sourceTree = "<group>"; };
		438454C920D27E0E00CDC209 /* Info.plist */ = {isa = PBXFileReference; fileEncoding = 4; lastKnownFileType = text.plist.xml; path = Info.plist; sourceTree = "<group>"; };
		438454CB20D27E0E00CDC209 /* CPCDashboardVC.swift */ = {isa = PBXFileReference; fileEncoding = 4; lastKnownFileType = sourcecode.swift; path = CPCDashboardVC.swift; sourceTree = "<group>"; };
		438454D020D27E8800CDC209 /* CrispyCalendarDemo.xcconfig */ = {isa = PBXFileReference; lastKnownFileType = text.xcconfig; path = CrispyCalendarDemo.xcconfig; sourceTree = "<group>"; };
		438454D120D2880D00CDC209 /* LaunchScreen.xib */ = {isa = PBXFileReference; lastKnownFileType = file.xib; path = LaunchScreen.xib; sourceTree = "<group>"; };
		438454D820D2A41A00CDC209 /* CPCCalendarViewController.swift */ = {isa = PBXFileReference; lastKnownFileType = sourcecode.swift; path = CPCCalendarViewController.swift; sourceTree = "<group>"; };
		438AAB5A20D7B0DB00017249 /* CPCMultiMonthsViewProtocol.swift */ = {isa = PBXFileReference; lastKnownFileType = sourcecode.swift; path = CPCMultiMonthsViewProtocol.swift; sourceTree = "<group>"; };
		439D98B12177BC6C00FFB7DD /* en */ = {isa = PBXFileReference; lastKnownFileType = text.plist.strings; name = en; path = en.lproj/Localizable.strings; sourceTree = "<group>"; };
		439D98B32177BC8000FFB7DD /* ru */ = {isa = PBXFileReference; lastKnownFileType = text.plist.strings; name = ru; path = ru.lproj/Localizable.strings; sourceTree = "<group>"; };
		439D98B42177BC8800FFB7DD /* es */ = {isa = PBXFileReference; lastKnownFileType = text.plist.strings; name = es; path = es.lproj/Localizable.strings; sourceTree = "<group>"; };
		439D98B52177EDDC00FFB7DD /* CPCDayCellRenderer.h */ = {isa = PBXFileReference; lastKnownFileType = sourcecode.c.h; path = CPCDayCellRenderer.h; sourceTree = "<group>"; };
		43B53ABE20D4166000AA27BB /* CPCCalendarView_Layout.swift */ = {isa = PBXFileReference; lastKnownFileType = sourcecode.swift; path = CPCCalendarView_Layout.swift; sourceTree = "<group>"; };
		43B53AC020D4194900AA27BB /* CPCCalendarView_Cell.swift */ = {isa = PBXFileReference; lastKnownFileType = sourcecode.swift; path = CPCCalendarView_Cell.swift; sourceTree = "<group>"; };
		43B53AC220D421D900AA27BB /* unsafeCastConvenience.swift */ = {isa = PBXFileReference; lastKnownFileType = sourcecode.swift; path = unsafeCastConvenience.swift; sourceTree = "<group>"; };
		43B6E72020A0615400A7403B /* ThreadsafeStorage.swift */ = {isa = PBXFileReference; lastKnownFileType = sourcecode.swift; path = ThreadsafeStorage.swift; sourceTree = "<group>"; };
		43B6E72320A0902700A7403B /* CrispyCalendar.podspec */ = {isa = PBXFileReference; explicitFileType = text.script.ruby; path = CrispyCalendar.podspec; sourceTree = "<group>"; xcLanguageSpecificationIdentifier = xcode.lang.ruby; };
		43B6E72920A0B93F00A7403B /* CrispyCalendar.modulemap */ = {isa = PBXFileReference; lastKnownFileType = "sourcecode.module-map"; path = CrispyCalendar.modulemap; sourceTree = "<group>"; };
		43C06FE820924E7400202ED8 /* CrispyCalendar.framework */ = {isa = PBXFileReference; explicitFileType = wrapper.framework; includeInIndex = 0; path = CrispyCalendar.framework; sourceTree = BUILT_PRODUCTS_DIR; };
		43C06FEB20924E7400202ED8 /* Info.plist */ = {isa = PBXFileReference; lastKnownFileType = text.plist.xml; path = Info.plist; sourceTree = "<group>"; };
		43C07000209259B900202ED8 /* CPCDay.swift */ = {isa = PBXFileReference; lastKnownFileType = sourcecode.swift; path = CPCDay.swift; sourceTree = "<group>"; };
		43C070032092ED9C00202ED8 /* CPCMonth.swift */ = {isa = PBXFileReference; lastKnownFileType = sourcecode.swift; path = CPCMonth.swift; sourceTree = "<group>"; };
		43C070052092EDC700202ED8 /* CPCDateInterval.swift */ = {isa = PBXFileReference; lastKnownFileType = sourcecode.swift; path = CPCDateInterval.swift; sourceTree = "<group>"; };
		43C070092092F26500202ED8 /* CPCWeek.swift */ = {isa = PBXFileReference; lastKnownFileType = sourcecode.swift; path = CPCWeek.swift; sourceTree = "<group>"; };
		43C0700B2092F49D00202ED8 /* CPCCalendarUnit.swift */ = {isa = PBXFileReference; lastKnownFileType = sourcecode.swift; path = CPCCalendarUnit.swift; sourceTree = "<group>"; };
		43C0700F2092F85200202ED8 /* guarantee.swift */ = {isa = PBXFileReference; lastKnownFileType = sourcecode.swift; path = guarantee.swift; sourceTree = "<group>"; };
		43C80F2620ED3A7000845440 /* CPCCalendarView_Layout_Storage.swift */ = {isa = PBXFileReference; lastKnownFileType = sourcecode.swift; path = CPCCalendarView_Layout_Storage.swift; sourceTree = "<group>"; };
		43F8FE02218225DD00BE2EFE /* Selection Management.md */ = {isa = PBXFileReference; fileEncoding = 4; lastKnownFileType = net.daringfireball.markdown; path = "Selection Management.md"; sourceTree = "<group>"; };
		43F8FE03218225DD00BE2EFE /* Guides.md */ = {isa = PBXFileReference; fileEncoding = 4; lastKnownFileType = net.daringfireball.markdown; path = Guides.md; sourceTree = "<group>"; };
		43F8FE04218225DD00BE2EFE /* Responding to Selection Events.md */ = {isa = PBXFileReference; fileEncoding = 4; lastKnownFileType = net.daringfireball.markdown; path = "Responding to Selection Events.md"; sourceTree = "<group>"; };
		43F8FE05218225DD00BE2EFE /* Data Model.md */ = {isa = PBXFileReference; fileEncoding = 4; lastKnownFileType = net.daringfireball.markdown; path = "Data Model.md"; sourceTree = "<group>"; };
		43F8FE06218225DD00BE2EFE /* View Protocols.md */ = {isa = PBXFileReference; fileEncoding = 4; lastKnownFileType = net.daringfireball.markdown; path = "View Protocols.md"; sourceTree = "<group>"; };
		43F8FE07218225DD00BE2EFE /* Views.md */ = {isa = PBXFileReference; fileEncoding = 4; lastKnownFileType = net.daringfireball.markdown; path = Views.md; sourceTree = "<group>"; };
		43F8FE08218225DD00BE2EFE /* Custom Days Rendering.md */ = {isa = PBXFileReference; fileEncoding = 4; lastKnownFileType = net.daringfireball.markdown; path = "Custom Days Rendering.md"; sourceTree = "<group>"; };
		43F8FE09218225DD00BE2EFE /* Tips.md */ = {isa = PBXFileReference; fileEncoding = 4; lastKnownFileType = net.daringfireball.markdown; path = Tips.md; sourceTree = "<group>"; };
		43F8FE0A218225DD00BE2EFE /* Getting Started.md */ = {isa = PBXFileReference; fileEncoding = 4; lastKnownFileType = net.daringfireball.markdown; path = "Getting Started.md"; sourceTree = "<group>"; };
		43F8FE0B218225DD00BE2EFE /* View Controllers.md */ = {isa = PBXFileReference; fileEncoding = 4; lastKnownFileType = net.daringfireball.markdown; path = "View Controllers.md"; sourceTree = "<group>"; };
		43F8FE0C218225DD00BE2EFE /* Appearance Customization.md */ = {isa = PBXFileReference; fileEncoding = 4; lastKnownFileType = net.daringfireball.markdown; path = "Appearance Customization.md"; sourceTree = "<group>"; };
		43F8FE0D218225DD00BE2EFE /* View Customization.md */ = {isa = PBXFileReference; fileEncoding = 4; lastKnownFileType = net.daringfireball.markdown; path = "View Customization.md"; sourceTree = "<group>"; };
		43F8FE1C2182294800BE2EFE /* CPCCalendarUnitsStorage.h */ = {isa = PBXFileReference; lastKnownFileType = sourcecode.c.h; path = CPCCalendarUnitsStorage.h; sourceTree = "<group>"; };
/* End PBXFileReference section */

/* Begin PBXFrameworksBuildPhase section */
		438454B020D27DA500CDC209 /* Frameworks */ = {
			isa = PBXFrameworksBuildPhase;
			buildActionMask = 2147483647;
			files = (
				437E314E20EE3BEB00B64A5F /* CrispyCalendar.framework in Frameworks */,
			);
			runOnlyForDeploymentPostprocessing = 0;
		};
		43C06FE420924E7400202ED8 /* Frameworks */ = {
			isa = PBXFrameworksBuildPhase;
			buildActionMask = 2147483647;
			files = (
			);
			runOnlyForDeploymentPostprocessing = 0;
		};
/* End PBXFrameworksBuildPhase section */

/* Begin PBXGroup section */
		430492A82094720100A4F1F1 /* Util */ = {
			isa = PBXGroup;
			children = (
				43C0700F2092F85200202ED8 /* guarantee.swift */,
				43B53AC220D421D900AA27BB /* unsafeCastConvenience.swift */,
				436F53B720A4C14900ACE40A /* UnownedArray.swift */,
				43B6E72020A0615400A7403B /* ThreadsafeStorage.swift */,
				43584B1020A4F18D00035A81 /* FloatingPointRounding.swift */,
				43101B92209CDFBD00904529 /* GridIndices.swift */,
				4318950620AC80F200D29AA8 /* RangeExpressionUnwrap.swift */,
				430492AC2094B54000A4F1F1 /* RangeExpressionInitialization.swift */,
				430492A92094724F00A4F1F1 /* ComputedCollection.swift */,
				4314536E20B220AB0019EB01 /* NSParagraphStyle_convenience.swift */,
				434D8F0220B46061006B3BF6 /* SingleElementOperations.swift */,
			);
			path = Util;
			sourceTree = "<group>";
		};
		4307A2A8217A036600A717F8 /* Pod */ = {
			isa = PBXGroup;
			children = (
				4307A2A9217A038B00A717F8 /* README.md */,
				43B6E72320A0902700A7403B /* CrispyCalendar.podspec */,
				43F8FE01218225B800BE2EFE /* docs */,
			);
			name = Pod;
			sourceTree = "<group>";
		};
		43689DC32093735000052C7A /* Supporting Files */ = {
			isa = PBXGroup;
			children = (
				43689DCB20937BED00052C7A /* CrispyCalendar.h */,
				43B6E72920A0B93F00A7403B /* CrispyCalendar.modulemap */,
				43C06FEB20924E7400202ED8 /* Info.plist */,
			);
			path = "Supporting Files";
			sourceTree = "<group>";
		};
		437E314D20EE3BEB00B64A5F /* Frameworks */ = {
			isa = PBXGroup;
			children = (
			);
			name = Frameworks;
			sourceTree = "<group>";
		};
		438454B420D27DA500CDC209 /* CrispyCalendarDemo */ = {
			isa = PBXGroup;
			children = (
				438454C520D27E0E00CDC209 /* Resources */,
				438454CA20D27E0E00CDC209 /* View */,
				438454C720D27E0E00CDC209 /* Supporting Files */,
			);
			path = CrispyCalendarDemo;
			sourceTree = "<group>";
		};
		438454C520D27E0E00CDC209 /* Resources */ = {
			isa = PBXGroup;
			children = (
				438454C620D27E0E00CDC209 /* Assets.xcassets */,
				438454D120D2880D00CDC209 /* LaunchScreen.xib */,
				439D98B22177BC6C00FFB7DD /* Localizable.strings */,
			);
			path = Resources;
			sourceTree = "<group>";
		};
		438454C720D27E0E00CDC209 /* Supporting Files */ = {
			isa = PBXGroup;
			children = (
				438454C820D27E0E00CDC209 /* CPCAppDelegate.swift */,
				438454D020D27E8800CDC209 /* CrispyCalendarDemo.xcconfig */,
				438454C920D27E0E00CDC209 /* Info.plist */,
			);
			path = "Supporting Files";
			sourceTree = "<group>";
		};
		438454CA20D27E0E00CDC209 /* View */ = {
			isa = PBXGroup;
			children = (
				438454CB20D27E0E00CDC209 /* CPCDashboardVC.swift */,
			);
			path = View;
			sourceTree = "<group>";
		};
		43AF4AC32092311B001A0F40 = {
			isa = PBXGroup;
			children = (
				4307A2A8217A036600A717F8 /* Pod */,
				43C06FE220924E5A00202ED8 /* CrispyCalendar */,
				438454B420D27DA500CDC209 /* CrispyCalendarDemo */,
				43AF4ACE2092311B001A0F40 /* Products */,
				437E314D20EE3BEB00B64A5F /* Frameworks */,
			);
			sourceTree = "<group>";
		};
		43AF4ACE2092311B001A0F40 /* Products */ = {
			isa = PBXGroup;
			children = (
				43C06FE820924E7400202ED8 /* CrispyCalendar.framework */,
				438454B320D27DA500CDC209 /* CrispyCalendarDemo.app */,
			);
			name = Products;
			sourceTree = "<group>";
		};
		43C06FE220924E5A00202ED8 /* CrispyCalendar */ = {
			isa = PBXGroup;
			children = (
				430492A82094720100A4F1F1 /* Util */,
				43C06FFB20924F0200202ED8 /* Model */,
				43C06FFC20924F1000202ED8 /* View */,
				43689DC32093735000052C7A /* Supporting Files */,
			);
			path = CrispyCalendar;
			sourceTree = "<group>";
		};
		43C06FFB20924F0200202ED8 /* Model */ = {
			isa = PBXGroup;
			children = (
				43C070052092EDC700202ED8 /* CPCDateInterval.swift */,
				43689DB4209364BF00052C7A /* CPCCalendarUnitBackingType.swift */,
				43C0700B2092F49D00202ED8 /* CPCCalendarUnit.swift */,
				434D8F0420B4678A006B3BF6 /* CPCCalendarUnit_CalendarWrapper.swift */,
				4318950120A9B77900D29AA8 /* CPCCalendarUnitCaching.swift */,
				4314536620B21A3C0019EB01 /* CPCCalendarUnitSymbolStyle.h */,
				43689DBA2093681100052C7A /* CPCCalendarUnitSymbol.swift */,
				434D8F0020B45032006B3BF6 /* CPCCalendarUnitSymbolImpl.swift */,
				43689DB72093656000052C7A /* CPCCompoundCalendarUnit.swift */,
				43F8FE1C2182294800BE2EFE /* CPCCalendarUnitsStorage.h */,
				437D67022180A2AF0092A42B /* CPCCalendarUnitBacking.swift */,
				43C07000209259B900202ED8 /* CPCDay.swift */,
				43C070092092F26500202ED8 /* CPCWeek.swift */,
				43C070032092ED9C00202ED8 /* CPCMonth.swift */,
				43689DAD2093507700052C7A /* CPCYear.swift */,
			);
			path = Model;
			sourceTree = "<group>";
		};
		43C06FFC20924F1000202ED8 /* View */ = {
			isa = PBXGroup;
			children = (
				43689DC920937AF200052C7A /* CPCDayCellState.h */,
				436F53BE20A4DA1800ACE40A /* CPCDayCellState.swift */,
				4314535520AEEEBD0019EB01 /* CPCViewTitleStyle.h */,
				4314535220AEEEAC0019EB01 /* CPCViewTitleStyle.m */,
				4314535620AEF0200019EB01 /* CPCViewTitleStyle.swift */,
				4314537020B226F40019EB01 /* CPCFontMetrics.swift */,
				439D98B52177EDDC00FFB7DD /* CPCDayCellRenderer.h */,
				4315019520B2A74600BD1186 /* CPCDayCellRenderer.swift */,
				4314536C20B21DD90019EB01 /* CPCWeekView.swift */,
				4314535920AEF0980019EB01 /* CPCViewSelection.swift */,
				436F53BA20A4C86B00ACE40A /* CPCViewProtocol.swift */,
				4314536020AF29BC0019EB01 /* CPCViewMeasuring.swift */,
				4314537220B22B340019EB01 /* CPCViewContentAdjusting.swift */,
				4314534D20AEEE7F0019EB01 /* CPCViewProtocol_ObjCSupport.swift */,
				435802C220ADD0AC002FFE83 /* CPCViewSelectionConvenience.swift */,
				4318950420AC80DE00D29AA8 /* CPCViewSelectionHandling.swift */,
				43689DBD20936F2500052C7A /* CPCMonthView.swift */,
				43101B94209CFBB400904529 /* CPCMonthView_Layout.swift */,
				43101B96209CFBC100904529 /* CPCMonthView_RedrawContext.swift */,
				438AAB5A20D7B0DB00017249 /* CPCMultiMonthsViewProtocol.swift */,
				436F53BC20A4D8B900ACE40A /* CPCMultiMonthsView.swift */,
				43689DBE20936F2500052C7A /* CPCCalendarView.swift */,
				43B53AC020D4194900AA27BB /* CPCCalendarView_Cell.swift */,
				43B53ABE20D4166000AA27BB /* CPCCalendarView_Layout.swift */,
				43C80F2620ED3A7000845440 /* CPCCalendarView_Layout_Storage.swift */,
				438454D820D2A41A00CDC209 /* CPCCalendarViewController.swift */,
			);
			path = View;
			sourceTree = "<group>";
		};
		43F8FE01218225B800BE2EFE /* docs */ = {
			isa = PBXGroup;
			children = (
				43F8FE1B218226EE00BE2EFE /* guides */,
				43F8FE1A218226CD00BE2EFE /* sections */,
			);
			path = docs;
			sourceTree = "<group>";
		};
		43F8FE1A218226CD00BE2EFE /* sections */ = {
			isa = PBXGroup;
			children = (
				43F8FE03218225DD00BE2EFE /* Guides.md */,
				43F8FE05218225DD00BE2EFE /* Data Model.md */,
				43F8FE06218225DD00BE2EFE /* View Protocols.md */,
				43F8FE07218225DD00BE2EFE /* Views.md */,
				43F8FE0B218225DD00BE2EFE /* View Controllers.md */,
				43F8FE02218225DD00BE2EFE /* Selection Management.md */,
				43F8FE0D218225DD00BE2EFE /* View Customization.md */,
			);
			path = sections;
			sourceTree = "<group>";
		};
		43F8FE1B218226EE00BE2EFE /* guides */ = {
			isa = PBXGroup;
			children = (
				43F8FE0A218225DD00BE2EFE /* Getting Started.md */,
				43F8FE0C218225DD00BE2EFE /* Appearance Customization.md */,
				43F8FE04218225DD00BE2EFE /* Responding to Selection Events.md */,
				43F8FE08218225DD00BE2EFE /* Custom Days Rendering.md */,
				43F8FE09218225DD00BE2EFE /* Tips.md */,
			);
			path = guides;
			sourceTree = "<group>";
		};
/* End PBXGroup section */

/* Begin PBXHeadersBuildPhase section */
		43C06FE520924E7400202ED8 /* Headers */ = {
			isa = PBXHeadersBuildPhase;
			buildActionMask = 2147483647;
			files = (
				43689DCA20937AF200052C7A /* CPCDayCellState.h in Headers */,
				439D98B62177EDDC00FFB7DD /* CPCDayCellRenderer.h in Headers */,
				4314535C20AEF2E50019EB01 /* CPCViewTitleStyle.h in Headers */,
				43F8FE1E2182294800BE2EFE /* CPCCalendarUnitsStorage.h in Headers */,
				4314536820B21A3C0019EB01 /* CPCCalendarUnitSymbolStyle.h in Headers */,
				43689DCC20937C9F00052C7A /* CrispyCalendar.h in Headers */,
			);
			runOnlyForDeploymentPostprocessing = 0;
		};
/* End PBXHeadersBuildPhase section */

/* Begin PBXNativeTarget section */
		438454B220D27DA500CDC209 /* CrispyCalendarDemo */ = {
			isa = PBXNativeTarget;
			buildConfigurationList = 438454C220D27DA700CDC209 /* Build configuration list for PBXNativeTarget "CrispyCalendarDemo" */;
			buildPhases = (
				438454AF20D27DA500CDC209 /* Sources */,
				438454B020D27DA500CDC209 /* Frameworks */,
				438454B120D27DA500CDC209 /* Resources */,
				438454D720D2A27300CDC209 /* Embed Frameworks */,
			);
			buildRules = (
			);
			dependencies = (
				438454D620D2A27200CDC209 /* PBXTargetDependency */,
			);
			name = CrispyCalendarDemo;
			productName = CPCalendarDemo;
			productReference = 438454B320D27DA500CDC209 /* CrispyCalendarDemo.app */;
			productType = "com.apple.product-type.application";
		};
		43C06FE720924E7400202ED8 /* CrispyCalendar */ = {
			isa = PBXNativeTarget;
			buildConfigurationList = 43C06FED20924E7400202ED8 /* Build configuration list for PBXNativeTarget "CrispyCalendar" */;
			buildPhases = (
				43C06FE520924E7400202ED8 /* Headers */,
				43C06FE320924E7400202ED8 /* Sources */,
				43C06FE420924E7400202ED8 /* Frameworks */,
				43C06FE620924E7400202ED8 /* Resources */,
			);
			buildRules = (
			);
			dependencies = (
			);
			name = CrispyCalendar;
			productName = "CPCalendar-framework";
			productReference = 43C06FE820924E7400202ED8 /* CrispyCalendar.framework */;
			productType = "com.apple.product-type.framework";
		};
/* End PBXNativeTarget section */

/* Begin PBXProject section */
		43AF4AC42092311B001A0F40 /* Project object */ = {
			isa = PBXProject;
			attributes = {
				LastSwiftUpdateCheck = 0940;
				LastUpgradeCheck = 0930;
				ORGANIZATIONNAME = "Cleverpumpkin, Ltd.";
				TargetAttributes = {
					438454B220D27DA500CDC209 = {
						CreatedOnToolsVersion = 9.4;
					};
					43C06FE720924E7400202ED8 = {
						CreatedOnToolsVersion = 9.3;
						LastSwiftMigration = 0930;
					};
				};
			};
			buildConfigurationList = 43AF4AC72092311B001A0F40 /* Build configuration list for PBXProject "CrispyCalendar" */;
			compatibilityVersion = "Xcode 9.3";
			developmentRegion = en;
			hasScannedForEncodings = 0;
			knownRegions = (
				en,
				ru,
				es,
			);
			mainGroup = 43AF4AC32092311B001A0F40;
			productRefGroup = 43AF4ACE2092311B001A0F40 /* Products */;
			projectDirPath = "";
			projectRoot = "";
			targets = (
				43C06FE720924E7400202ED8 /* CrispyCalendar */,
				438454B220D27DA500CDC209 /* CrispyCalendarDemo */,
			);
		};
/* End PBXProject section */

/* Begin PBXResourcesBuildPhase section */
		438454B120D27DA500CDC209 /* Resources */ = {
			isa = PBXResourcesBuildPhase;
			buildActionMask = 2147483647;
			files = (
				438454D220D2880D00CDC209 /* LaunchScreen.xib in Resources */,
				439D98B02177BC6C00FFB7DD /* Localizable.strings in Resources */,
				438454CC20D27E0E00CDC209 /* Assets.xcassets in Resources */,
			);
			runOnlyForDeploymentPostprocessing = 0;
		};
		43C06FE620924E7400202ED8 /* Resources */ = {
			isa = PBXResourcesBuildPhase;
			buildActionMask = 2147483647;
			files = (
			);
			runOnlyForDeploymentPostprocessing = 0;
		};
/* End PBXResourcesBuildPhase section */

/* Begin PBXSourcesBuildPhase section */
		438454AF20D27DA500CDC209 /* Sources */ = {
			isa = PBXSourcesBuildPhase;
			buildActionMask = 2147483647;
			files = (
				438454CF20D27E0E00CDC209 /* CPCDashboardVC.swift in Sources */,
				438454CD20D27E0E00CDC209 /* CPCAppDelegate.swift in Sources */,
			);
			runOnlyForDeploymentPostprocessing = 0;
		};
		43C06FE320924E7400202ED8 /* Sources */ = {
			isa = PBXSourcesBuildPhase;
			buildActionMask = 2147483647;
			files = (
				43C070102092F85200202ED8 /* guarantee.swift in Sources */,
				43B53AC320D421D900AA27BB /* unsafeCastConvenience.swift in Sources */,
				436F53B820A4C14900ACE40A /* UnownedArray.swift in Sources */,
				43B6E72120A0615400A7403B /* ThreadsafeStorage.swift in Sources */,
				43584B1120A4F18E00035A81 /* FloatingPointRounding.swift in Sources */,
				43101B93209CDFBD00904529 /* GridIndices.swift in Sources */,
				4315019620B2A74600BD1186 /* CPCDayCellRenderer.swift in Sources */,
				434D8F0520B4678A006B3BF6 /* CPCCalendarUnit_CalendarWrapper.swift in Sources */,
				4318950720AC80F200D29AA8 /* RangeExpressionUnwrap.swift in Sources */,
				4314537120B226F40019EB01 /* CPCFontMetrics.swift in Sources */,
				430492AD2094B54000A4F1F1 /* RangeExpressionInitialization.swift in Sources */,
				430492AA2094724F00A4F1F1 /* ComputedCollection.swift in Sources */,
				4314536D20B21DD90019EB01 /* CPCWeekView.swift in Sources */,
				43C070062092EDC700202ED8 /* CPCDateInterval.swift in Sources */,
				43689DB5209364BF00052C7A /* CPCCalendarUnitBackingType.swift in Sources */,
				43C0700C2092F49D00202ED8 /* CPCCalendarUnit.swift in Sources */,
				4318950520AC80DE00D29AA8 /* CPCViewSelectionHandling.swift in Sources */,
				4318950220A9B77900D29AA8 /* CPCCalendarUnitCaching.swift in Sources */,
				43689DBB2093681100052C7A /* CPCCalendarUnitSymbol.swift in Sources */,
				4314536F20B220AB0019EB01 /* NSParagraphStyle_convenience.swift in Sources */,
				43689DB82093656000052C7A /* CPCCompoundCalendarUnit.swift in Sources */,
				43C07001209259B900202ED8 /* CPCDay.swift in Sources */,
				43C0700A2092F26500202ED8 /* CPCWeek.swift in Sources */,
				43C070042092ED9C00202ED8 /* CPCMonth.swift in Sources */,
				43689DAE2093507700052C7A /* CPCYear.swift in Sources */,
				436F53BF20A4DA1800ACE40A /* CPCDayCellState.swift in Sources */,
				4314535320AEEEAC0019EB01 /* CPCViewTitleStyle.m in Sources */,
				4314535720AEF0200019EB01 /* CPCViewTitleStyle.swift in Sources */,
				4314535A20AEF0980019EB01 /* CPCViewSelection.swift in Sources */,
				436F53BB20A4C86B00ACE40A /* CPCViewProtocol.swift in Sources */,
				434D8F0120B45032006B3BF6 /* CPCCalendarUnitSymbolImpl.swift in Sources */,
				4314536120AF29BC0019EB01 /* CPCViewMeasuring.swift in Sources */,
				4314535020AEEE7F0019EB01 /* CPCViewProtocol_ObjCSupport.swift in Sources */,
				435802C320ADD0AD002FFE83 /* CPCViewSelectionConvenience.swift in Sources */,
				434D8F0320B46061006B3BF6 /* SingleElementOperations.swift in Sources */,
				4314537320B22B340019EB01 /* CPCViewContentAdjusting.swift in Sources */,
				43689DBF20936F2600052C7A /* CPCMonthView.swift in Sources */,
				438454D920D2A41B00CDC209 /* CPCCalendarViewController.swift in Sources */,
				437D67032180A2AF0092A42B /* CPCCalendarUnitBacking.swift in Sources */,
				43101B95209CFBB400904529 /* CPCMonthView_Layout.swift in Sources */,
				43101B97209CFBC100904529 /* CPCMonthView_RedrawContext.swift in Sources */,
				438AAB5B20D7B0DB00017249 /* CPCMultiMonthsViewProtocol.swift in Sources */,
				436F53BD20A4D8B900ACE40A /* CPCMultiMonthsView.swift in Sources */,
				43689DC020936F2600052C7A /* CPCCalendarView.swift in Sources */,
				43B53AC120D4194900AA27BB /* CPCCalendarView_Cell.swift in Sources */,
				43B53ABF20D4166000AA27BB /* CPCCalendarView_Layout.swift in Sources */,
				43C80F2720ED3A7000845440 /* CPCCalendarView_Layout_Storage.swift in Sources */,
			);
			runOnlyForDeploymentPostprocessing = 0;
		};
/* End PBXSourcesBuildPhase section */

/* Begin PBXTargetDependency section */
		438454D620D2A27200CDC209 /* PBXTargetDependency */ = {
			isa = PBXTargetDependency;
			target = 43C06FE720924E7400202ED8 /* CrispyCalendar */;
			targetProxy = 438454D520D2A27200CDC209 /* PBXContainerItemProxy */;
		};
/* End PBXTargetDependency section */

/* Begin PBXVariantGroup section */
		439D98B22177BC6C00FFB7DD /* Localizable.strings */ = {
			isa = PBXVariantGroup;
			children = (
				439D98B12177BC6C00FFB7DD /* en */,
				439D98B32177BC8000FFB7DD /* ru */,
				439D98B42177BC8800FFB7DD /* es */,
			);
			name = Localizable.strings;
			sourceTree = "<group>";
		};
/* End PBXVariantGroup section */

/* Begin XCBuildConfiguration section */
		438454C320D27DA700CDC209 /* Debug */ = {
			isa = XCBuildConfiguration;
			buildSettings = {
				ALWAYS_EMBED_SWIFT_STANDARD_LIBRARIES = YES;
				ASSETCATALOG_COMPILER_APPICON_NAME = AppIcon;
				LD_RUNPATH_SEARCH_PATHS = (
					"$(inherited)",
					"@executable_path/Frameworks",
				);
				PRODUCT_BUNDLE_IDENTIFIER = "ru.cleverpumpkin.CrispyCalendar.demo-app";
				PRODUCT_NAME = CrispyCalendarDemo;
			};
			name = Debug;
		};
		438454C420D27DA700CDC209 /* Release */ = {
			isa = XCBuildConfiguration;
			buildSettings = {
				ALWAYS_EMBED_SWIFT_STANDARD_LIBRARIES = YES;
				ASSETCATALOG_COMPILER_APPICON_NAME = AppIcon;
				LD_RUNPATH_SEARCH_PATHS = (
					"$(inherited)",
					"@executable_path/Frameworks",
				);
				PRODUCT_BUNDLE_IDENTIFIER = "ru.cleverpumpkin.CrispyCalendar.demo-app";
				PRODUCT_NAME = CrispyCalendarDemo;
			};
			name = Release;
		};
		43AF4AD32092311B001A0F40 /* Debug */ = {
			isa = XCBuildConfiguration;
			baseConfigurationReference = 438454D020D27E8800CDC209 /* CrispyCalendarDemo.xcconfig */;
			buildSettings = {
				ALWAYS_SEARCH_USER_PATHS = NO;
				CLANG_ANALYZER_LOCALIZABILITY_EMPTY_CONTEXT = YES;
				CLANG_ANALYZER_LOCALIZABILITY_NONLOCALIZED = YES;
				CLANG_ANALYZER_NONNULL = YES;
				CLANG_ANALYZER_NUMBER_OBJECT_CONVERSION = YES_AGGRESSIVE;
				CLANG_ANALYZER_SECURITY_FLOATLOOPCOUNTER = YES;
				CLANG_CXX_LANGUAGE_STANDARD = "gnu++17";
				CLANG_ENABLE_MODULES = YES;
				CLANG_ENABLE_OBJC_ARC = YES;
				CLANG_ENABLE_OBJC_WEAK = YES;
				CLANG_WARN_BLOCK_CAPTURE_AUTORELEASING = YES;
				CLANG_WARN_BOOL_CONVERSION = YES;
				CLANG_WARN_COMMA = YES;
				CLANG_WARN_CONSTANT_CONVERSION = YES;
				CLANG_WARN_DEPRECATED_OBJC_IMPLEMENTATIONS = YES;
				CLANG_WARN_DIRECT_OBJC_ISA_USAGE = YES_ERROR;
				CLANG_WARN_DOCUMENTATION_COMMENTS = YES;
				CLANG_WARN_EMPTY_BODY = YES;
				CLANG_WARN_ENUM_CONVERSION = YES;
				CLANG_WARN_INFINITE_RECURSION = YES;
				CLANG_WARN_INT_CONVERSION = YES;
				CLANG_WARN_NON_LITERAL_NULL_CONVERSION = YES;
				CLANG_WARN_OBJC_IMPLICIT_RETAIN_SELF = YES;
				CLANG_WARN_OBJC_LITERAL_CONVERSION = YES;
				CLANG_WARN_OBJC_ROOT_CLASS = YES_ERROR;
				CLANG_WARN_RANGE_LOOP_ANALYSIS = YES;
				CLANG_WARN_STRICT_PROTOTYPES = YES;
				CLANG_WARN_SUSPICIOUS_MOVE = YES;
				CLANG_WARN_UNGUARDED_AVAILABILITY = YES_AGGRESSIVE;
				CLANG_WARN_UNREACHABLE_CODE = YES;
				CLANG_WARN__DUPLICATE_METHOD_MATCH = YES;
				COPY_PHASE_STRIP = NO;
				CURRENT_PROJECT_VERSION = "$(CPC_VERSION)";
				DEBUG_INFORMATION_FORMAT = dwarf;
				DEFINES_MODULE = YES;
				ENABLE_STRICT_OBJC_MSGSEND = YES;
				ENABLE_TESTABILITY = YES;
				GCC_C_LANGUAGE_STANDARD = gnu11;
				GCC_DYNAMIC_NO_PIC = NO;
				GCC_NO_COMMON_BLOCKS = YES;
				GCC_OPTIMIZATION_LEVEL = 0;
				GCC_PREPROCESSOR_DEFINITIONS = (
					"DEBUG=1",
					"$(inherited)",
				);
				GCC_WARN_64_TO_32_BIT_CONVERSION = YES;
				GCC_WARN_ABOUT_RETURN_TYPE = YES_ERROR;
				GCC_WARN_UNDECLARED_SELECTOR = YES;
				GCC_WARN_UNINITIALIZED_AUTOS = YES_AGGRESSIVE;
				GCC_WARN_UNUSED_FUNCTION = YES;
				GCC_WARN_UNUSED_VARIABLE = YES;
				INFOPLIST_FILE = "$(SRCROOT)/$(TARGET_NAME)/Supporting Files/Info.plist";
				IPHONEOS_DEPLOYMENT_TARGET = 10.3;
				MTL_ENABLE_DEBUG_INFO = YES;
				ONLY_ACTIVE_ARCH = YES;
				PRODUCT_NAME = "$(TARGET_NAME)";
				SDKROOT = iphoneos;
				SWIFT_ACTIVE_COMPILATION_CONDITIONS = DEBUG;
				SWIFT_INSTALL_OBJC_HEADER = YES;
				SWIFT_OPTIMIZATION_LEVEL = "-Onone";
				SWIFT_SWIFT3_OBJC_INFERENCE = Off;
				TARGETED_DEVICE_FAMILY = "1,2";
				VERSIONING_SYSTEM = "apple-generic";
			};
			name = Debug;
		};
		43AF4AD42092311B001A0F40 /* Release */ = {
			isa = XCBuildConfiguration;
			baseConfigurationReference = 438454D020D27E8800CDC209 /* CrispyCalendarDemo.xcconfig */;
			buildSettings = {
				ALWAYS_SEARCH_USER_PATHS = NO;
				CLANG_ANALYZER_LOCALIZABILITY_EMPTY_CONTEXT = YES;
				CLANG_ANALYZER_LOCALIZABILITY_NONLOCALIZED = YES;
				CLANG_ANALYZER_NONNULL = YES;
				CLANG_ANALYZER_NUMBER_OBJECT_CONVERSION = YES_AGGRESSIVE;
				CLANG_ANALYZER_SECURITY_FLOATLOOPCOUNTER = YES;
				CLANG_CXX_LANGUAGE_STANDARD = "gnu++17";
				CLANG_ENABLE_MODULES = YES;
				CLANG_ENABLE_OBJC_ARC = YES;
				CLANG_ENABLE_OBJC_WEAK = YES;
				CLANG_WARN_BLOCK_CAPTURE_AUTORELEASING = YES;
				CLANG_WARN_BOOL_CONVERSION = YES;
				CLANG_WARN_COMMA = YES;
				CLANG_WARN_CONSTANT_CONVERSION = YES;
				CLANG_WARN_DEPRECATED_OBJC_IMPLEMENTATIONS = YES;
				CLANG_WARN_DIRECT_OBJC_ISA_USAGE = YES_ERROR;
				CLANG_WARN_DOCUMENTATION_COMMENTS = YES;
				CLANG_WARN_EMPTY_BODY = YES;
				CLANG_WARN_ENUM_CONVERSION = YES;
				CLANG_WARN_INFINITE_RECURSION = YES;
				CLANG_WARN_INT_CONVERSION = YES;
				CLANG_WARN_NON_LITERAL_NULL_CONVERSION = YES;
				CLANG_WARN_OBJC_IMPLICIT_RETAIN_SELF = YES;
				CLANG_WARN_OBJC_LITERAL_CONVERSION = YES;
				CLANG_WARN_OBJC_ROOT_CLASS = YES_ERROR;
				CLANG_WARN_RANGE_LOOP_ANALYSIS = YES;
				CLANG_WARN_STRICT_PROTOTYPES = YES;
				CLANG_WARN_SUSPICIOUS_MOVE = YES;
				CLANG_WARN_UNGUARDED_AVAILABILITY = YES_AGGRESSIVE;
				CLANG_WARN_UNREACHABLE_CODE = YES;
				CLANG_WARN__DUPLICATE_METHOD_MATCH = YES;
				COPY_PHASE_STRIP = NO;
				CURRENT_PROJECT_VERSION = "$(CPC_VERSION)";
				DEBUG_INFORMATION_FORMAT = "dwarf-with-dsym";
				DEFINES_MODULE = YES;
				ENABLE_NS_ASSERTIONS = NO;
				ENABLE_STRICT_OBJC_MSGSEND = YES;
				GCC_C_LANGUAGE_STANDARD = gnu11;
				GCC_NO_COMMON_BLOCKS = YES;
				GCC_WARN_64_TO_32_BIT_CONVERSION = YES;
				GCC_WARN_ABOUT_RETURN_TYPE = YES_ERROR;
				GCC_WARN_UNDECLARED_SELECTOR = YES;
				GCC_WARN_UNINITIALIZED_AUTOS = YES_AGGRESSIVE;
				GCC_WARN_UNUSED_FUNCTION = YES;
				GCC_WARN_UNUSED_VARIABLE = YES;
				INFOPLIST_FILE = "$(SRCROOT)/$(TARGET_NAME)/Supporting Files/Info.plist";
				IPHONEOS_DEPLOYMENT_TARGET = 10.3;
				MTL_ENABLE_DEBUG_INFO = NO;
				PRODUCT_NAME = "$(TARGET_NAME)";
				SDKROOT = iphoneos;
				SWIFT_COMPILATION_MODE = wholemodule;
				SWIFT_INSTALL_OBJC_HEADER = YES;
				SWIFT_OPTIMIZATION_LEVEL = "-Osize";
				SWIFT_SWIFT3_OBJC_INFERENCE = Off;
				TARGETED_DEVICE_FAMILY = "1,2";
				VALIDATE_PRODUCT = YES;
				VERSIONING_SYSTEM = "apple-generic";
			};
			name = Release;
		};
		43C06FEE20924E7400202ED8 /* Debug */ = {
			isa = XCBuildConfiguration;
			buildSettings = {
				CLANG_ENABLE_MODULES = YES;
				CODE_SIGN_IDENTITY = "";
				DYLIB_COMPATIBILITY_VERSION = 1;
				DYLIB_CURRENT_VERSION = 1;
				DYLIB_INSTALL_NAME_BASE = "@rpath";
				INSTALL_PATH = "$(LOCAL_LIBRARY_DIR)/Frameworks";
				LD_RUNPATH_SEARCH_PATHS = (
					"$(inherited)",
					"@executable_path/Frameworks",
					"@loader_path/Frameworks",
				);
				MODULEMAP_FILE = "$(SRCROOT)/$(TARGET_NAME)/Supporting Files/$(TARGET_NAME).modulemap";
				PRODUCT_BUNDLE_IDENTIFIER = ru.cleverpumpkin.CrispyCalendar;
				PRODUCT_NAME = CrispyCalendar;
				SKIP_INSTALL = YES;
				SWIFT_OPTIMIZATION_LEVEL = "-Onone";
			};
			name = Debug;
		};
		43C06FEF20924E7400202ED8 /* Release */ = {
			isa = XCBuildConfiguration;
			buildSettings = {
				CLANG_ENABLE_MODULES = YES;
				CODE_SIGN_IDENTITY = "";
				DYLIB_COMPATIBILITY_VERSION = 1;
				DYLIB_CURRENT_VERSION = 1;
				DYLIB_INSTALL_NAME_BASE = "@rpath";
				INSTALL_PATH = "$(LOCAL_LIBRARY_DIR)/Frameworks";
				LD_RUNPATH_SEARCH_PATHS = (
					"$(inherited)",
					"@executable_path/Frameworks",
					"@loader_path/Frameworks",
				);
				MODULEMAP_FILE = "$(SRCROOT)/$(TARGET_NAME)/Supporting Files/$(TARGET_NAME).modulemap";
				PRODUCT_BUNDLE_IDENTIFIER = ru.cleverpumpkin.CrispyCalendar;
				PRODUCT_NAME = CrispyCalendar;
				SKIP_INSTALL = YES;
			};
			name = Release;
		};
/* End XCBuildConfiguration section */

/* Begin XCConfigurationList section */
		438454C220D27DA700CDC209 /* Build configuration list for PBXNativeTarget "CrispyCalendarDemo" */ = {
			isa = XCConfigurationList;
			buildConfigurations = (
				438454C320D27DA700CDC209 /* Debug */,
				438454C420D27DA700CDC209 /* Release */,
			);
			defaultConfigurationIsVisible = 0;
			defaultConfigurationName = Release;
		};
		43AF4AC72092311B001A0F40 /* Build configuration list for PBXProject "CrispyCalendar" */ = {
			isa = XCConfigurationList;
			buildConfigurations = (
				43AF4AD32092311B001A0F40 /* Debug */,
				43AF4AD42092311B001A0F40 /* Release */,
			);
			defaultConfigurationIsVisible = 0;
			defaultConfigurationName = Release;
		};
		43C06FED20924E7400202ED8 /* Build configuration list for PBXNativeTarget "CrispyCalendar" */ = {
			isa = XCConfigurationList;
			buildConfigurations = (
				43C06FEE20924E7400202ED8 /* Debug */,
				43C06FEF20924E7400202ED8 /* Release */,
			);
			defaultConfigurationIsVisible = 0;
			defaultConfigurationName = Release;
		};
/* End XCConfigurationList section */
	};
	rootObject = 43AF4AC42092311B001A0F40 /* Project object */;
}
